// !$*UTF8*$!
{
	archiveVersion = 1;
	classes = {
	};
	objectVersion = 46;
	objects = {

/* Begin PBXBuildFile section */
		46271FAB1CD2AB36007196B2 /* Library.framework in Frameworks */ = {isa = PBXBuildFile; fileRef = 46271FAA1CD2AB36007196B2 /* Library.framework */; };
		46271FAE1CD2B02F007196B2 /* ChallengeTableView.swift in Sources */ = {isa = PBXBuildFile; fileRef = 46271FAD1CD2B02F007196B2 /* ChallengeTableView.swift */; };
		462F03181CE148CE0031B1B1 /* NoHairlineNavigationBar.swift in Sources */ = {isa = PBXBuildFile; fileRef = 462F03171CE148CE0031B1B1 /* NoHairlineNavigationBar.swift */; };
		462F031A1CE185480031B1B1 /* CreatePostState.swift in Sources */ = {isa = PBXBuildFile; fileRef = 462F03191CE185480031B1B1 /* CreatePostState.swift */; };
		462F031C1CE1856C0031B1B1 /* CreatePostsActions.swift in Sources */ = {isa = PBXBuildFile; fileRef = 462F031B1CE1856C0031B1B1 /* CreatePostsActions.swift */; };
		462F031E1CE185840031B1B1 /* CreatePostProvider.swift in Sources */ = {isa = PBXBuildFile; fileRef = 462F031D1CE185840031B1B1 /* CreatePostProvider.swift */; };
		462F03201CE254490031B1B1 /* CreatePostReducer.swift in Sources */ = {isa = PBXBuildFile; fileRef = 462F031F1CE254490031B1B1 /* CreatePostReducer.swift */; };
		462F03221CE267280031B1B1 /* Result.framework in Frameworks */ = {isa = PBXBuildFile; fileRef = 462F03211CE267280031B1B1 /* Result.framework */; };
		462F03241CE270D60031B1B1 /* KeyboardObserver.swift in Sources */ = {isa = PBXBuildFile; fileRef = 462F03231CE270D60031B1B1 /* KeyboardObserver.swift */; };
		462F03261CE273D00031B1B1 /* UIStackExtension.swift in Sources */ = {isa = PBXBuildFile; fileRef = 462F03251CE273D00031B1B1 /* UIStackExtension.swift */; };
		462F03281CE278110031B1B1 /* IQKeyboardManagerSwift.framework in Frameworks */ = {isa = PBXBuildFile; fileRef = 462F03271CE278110031B1B1 /* IQKeyboardManagerSwift.framework */; };
		462F032A1CE2ADDF0031B1B1 /* NSRangeExtension.swift in Sources */ = {isa = PBXBuildFile; fileRef = 462F03291CE2ADDF0031B1B1 /* NSRangeExtension.swift */; };
		462F03301CE2CF1B0031B1B1 /* ChallengeTableViewCell.xib in Resources */ = {isa = PBXBuildFile; fileRef = 462F032F1CE2CF1B0031B1B1 /* ChallengeTableViewCell.xib */; };
		46307D391CDD67A700E47A1C /* ExtendedNavbarView.swift in Sources */ = {isa = PBXBuildFile; fileRef = 46307D381CDD67A700E47A1C /* ExtendedNavbarView.swift */; };
		4644FB9C1C9CBCEF004ACBAF /* ReSwift.framework in Frameworks */ = {isa = PBXBuildFile; fileRef = 4644FB9A1C9CBCEF004ACBAF /* ReSwift.framework */; };
		4644FB9D1C9CBCEF004ACBAF /* ReSwiftRouter.framework in Frameworks */ = {isa = PBXBuildFile; fileRef = 4644FB9B1C9CBCEF004ACBAF /* ReSwiftRouter.framework */; };
		4644FBA01C9CBDEE004ACBAF /* RootRoutable.swift in Sources */ = {isa = PBXBuildFile; fileRef = 4644FB9F1C9CBDEE004ACBAF /* RootRoutable.swift */; };
		4644FBA51C9CC820004ACBAF /* Storyboards.swift in Sources */ = {isa = PBXBuildFile; fileRef = 4644FBA41C9CC820004ACBAF /* Storyboards.swift */; };
		4644FBA81C9CC9CB004ACBAF /* State.swift in Sources */ = {isa = PBXBuildFile; fileRef = 4644FBA71C9CC9CB004ACBAF /* State.swift */; };
		4644FBAB1C9CCA89004ACBAF /* AuthenticationState.swift in Sources */ = {isa = PBXBuildFile; fileRef = 4644FBAA1C9CCA89004ACBAF /* AuthenticationState.swift */; };
		4644FBAD1C9CCAD6004ACBAF /* AppReducer.swift in Sources */ = {isa = PBXBuildFile; fileRef = 4644FBAC1C9CCAD6004ACBAF /* AppReducer.swift */; };
		4644FBB11C9CCE79004ACBAF /* Images.swift in Sources */ = {isa = PBXBuildFile; fileRef = 4644FBB01C9CCE79004ACBAF /* Images.swift */; };
		4644FBB31C9CCF4D004ACBAF /* AuthenticationReducer.swift in Sources */ = {isa = PBXBuildFile; fileRef = 4644FBB21C9CCF4D004ACBAF /* AuthenticationReducer.swift */; };
		4644FBB51C9CD389004ACBAF /* LoginViewRoutable.swift in Sources */ = {isa = PBXBuildFile; fileRef = 4644FBB41C9CD389004ACBAF /* LoginViewRoutable.swift */; };
		4644FBB71C9CD3C3004ACBAF /* MainViewRoutable.swift in Sources */ = {isa = PBXBuildFile; fileRef = 4644FBB61C9CD3C3004ACBAF /* MainViewRoutable.swift */; };
		4644FBBC1C9CD67D004ACBAF /* colors.txt in Resources */ = {isa = PBXBuildFile; fileRef = 4644FBBB1C9CD67D004ACBAF /* colors.txt */; };
		4644FBBE1C9CD686004ACBAF /* Colors.swift in Sources */ = {isa = PBXBuildFile; fileRef = 4644FBBD1C9CD686004ACBAF /* Colors.swift */; };
		4644FBC31C9CD6E4004ACBAF /* LandingViewController.swift in Sources */ = {isa = PBXBuildFile; fileRef = 4644FBC21C9CD6E4004ACBAF /* LandingViewController.swift */; };
		4644FBC51C9CDE8D004ACBAF /* Localizable.strings in Resources */ = {isa = PBXBuildFile; fileRef = 4644FBC41C9CDE8D004ACBAF /* Localizable.strings */; };
		4644FBC71C9D256B004ACBAF /* Localizable_Strings.swift in Sources */ = {isa = PBXBuildFile; fileRef = 4644FBC61C9D256B004ACBAF /* Localizable_Strings.swift */; };
		4644FBD31C9E046B004ACBAF /* Library.framework in Frameworks */ = {isa = PBXBuildFile; fileRef = 4644FBD21C9E046B004ACBAF /* Library.framework */; };
		4644FBD81C9E1307004ACBAF /* RxCocoa.framework in Frameworks */ = {isa = PBXBuildFile; fileRef = 4644FBD61C9E1307004ACBAF /* RxCocoa.framework */; };
		4644FBD91C9E1307004ACBAF /* RxSwift.framework in Frameworks */ = {isa = PBXBuildFile; fileRef = 4644FBD71C9E1307004ACBAF /* RxSwift.framework */; };
		4644FBDB1C9E1535004ACBAF /* RxViewController.swift in Sources */ = {isa = PBXBuildFile; fileRef = 4644FBDA1C9E1535004ACBAF /* RxViewController.swift */; };
		4650715F1CB741770041C43C /* Post.swift in Sources */ = {isa = PBXBuildFile; fileRef = 4650715E1CB741770041C43C /* Post.swift */; };
		465071621CB741E40041C43C /* PostState.swift in Sources */ = {isa = PBXBuildFile; fileRef = 465071611CB741E40041C43C /* PostState.swift */; };
		465071641CB742290041C43C /* PostReducer.swift in Sources */ = {isa = PBXBuildFile; fileRef = 465071631CB742290041C43C /* PostReducer.swift */; };
		465071661CB743340041C43C /* PostActions.swift in Sources */ = {isa = PBXBuildFile; fileRef = 465071651CB743340041C43C /* PostActions.swift */; };
		465071681CB745A50041C43C /* PostProvider.swift in Sources */ = {isa = PBXBuildFile; fileRef = 465071671CB745A50041C43C /* PostProvider.swift */; };
		4658D6B81CC08914009527DF /* Friends.storyboard in Resources */ = {isa = PBXBuildFile; fileRef = 4658D6B71CC08914009527DF /* Friends.storyboard */; };
		4658D6BA1CC08919009527DF /* Create.storyboard in Resources */ = {isa = PBXBuildFile; fileRef = 4658D6B91CC08919009527DF /* Create.storyboard */; };
		4658D6BC1CC0891F009527DF /* Me.storyboard in Resources */ = {isa = PBXBuildFile; fileRef = 4658D6BB1CC0891F009527DF /* Me.storyboard */; };
		4658D6BE1CC089AA009527DF /* FriendsViewController.swift in Sources */ = {isa = PBXBuildFile; fileRef = 4658D6BD1CC089AA009527DF /* FriendsViewController.swift */; };
		4658D6C01CC089AF009527DF /* CreateViewController.swift in Sources */ = {isa = PBXBuildFile; fileRef = 4658D6BF1CC089AF009527DF /* CreateViewController.swift */; };
		4658D6C21CC089B4009527DF /* MeViewController.swift in Sources */ = {isa = PBXBuildFile; fileRef = 4658D6C11CC089B4009527DF /* MeViewController.swift */; };
		466BD0951CADA990008DC0C3 /* libc++.tbd in Frameworks */ = {isa = PBXBuildFile; fileRef = 466BD0941CADA990008DC0C3 /* libc++.tbd */; };
		466BD0971CADA9FF008DC0C3 /* libicucore.tbd in Frameworks */ = {isa = PBXBuildFile; fileRef = 466BD0961CADA9FF008DC0C3 /* libicucore.tbd */; };
		466BD0991CADAA08008DC0C3 /* CFNetwork.framework in Frameworks */ = {isa = PBXBuildFile; fileRef = 466BD0981CADAA08008DC0C3 /* CFNetwork.framework */; };
		466BD09B1CADAA14008DC0C3 /* Security.framework in Frameworks */ = {isa = PBXBuildFile; fileRef = 466BD09A1CADAA14008DC0C3 /* Security.framework */; };
		466BD09E1CADAB09008DC0C3 /* Firebase.framework in Frameworks */ = {isa = PBXBuildFile; fileRef = 466BD09D1CADAB09008DC0C3 /* Firebase.framework */; };
		466BD0A01CADAD6C008DC0C3 /* Facebook+Rx.swift in Sources */ = {isa = PBXBuildFile; fileRef = 466BD09F1CADAD6C008DC0C3 /* Facebook+Rx.swift */; };
		466E73FB1CAF222E00EC0B7C /* AuthenticationProvider.swift in Sources */ = {isa = PBXBuildFile; fileRef = 466E73FA1CAF222E00EC0B7C /* AuthenticationProvider.swift */; };
		466E73FD1CAF271A00EC0B7C /* Firebase+Rx.swift in Sources */ = {isa = PBXBuildFile; fileRef = 466E73FC1CAF271A00EC0B7C /* Firebase+Rx.swift */; };
		466E73FF1CAF4FEC00EC0B7C /* ReSwiftTabBarController.swift in Sources */ = {isa = PBXBuildFile; fileRef = 466E73FE1CAF4FEC00EC0B7C /* ReSwiftTabBarController.swift */; };
		466E74011CAFA60000EC0B7C /* HomeTabBarController.swift in Sources */ = {isa = PBXBuildFile; fileRef = 466E74001CAFA60000EC0B7C /* HomeTabBarController.swift */; };
		466E74031CAFA72600EC0B7C /* Feed.storyboard in Resources */ = {isa = PBXBuildFile; fileRef = 466E74021CAFA72600EC0B7C /* Feed.storyboard */; };
		466E74051CAFA74800EC0B7C /* FeedViewController.swift in Sources */ = {isa = PBXBuildFile; fileRef = 466E74041CAFA74800EC0B7C /* FeedViewController.swift */; };
		468614BF1C89CC3A002C2BAC /* AppDelegate.swift in Sources */ = {isa = PBXBuildFile; fileRef = 468614BE1C89CC3A002C2BAC /* AppDelegate.swift */; };
		468614C61C89CC3A002C2BAC /* Assets.xcassets in Resources */ = {isa = PBXBuildFile; fileRef = 468614C51C89CC3A002C2BAC /* Assets.xcassets */; };
		468614C91C89CC3A002C2BAC /* LaunchScreen.storyboard in Resources */ = {isa = PBXBuildFile; fileRef = 468614C71C89CC3A002C2BAC /* LaunchScreen.storyboard */; };
		468D0E4F1CCED0F2004250F6 /* FQuery+Rx.swift in Sources */ = {isa = PBXBuildFile; fileRef = 468D0E4E1CCED0F2004250F6 /* FQuery+Rx.swift */; };
		468D0E511CCED4ED004250F6 /* ChallengeTableViewCell.swift in Sources */ = {isa = PBXBuildFile; fileRef = 468D0E501CCED4ED004250F6 /* ChallengeTableViewCell.swift */; };
		468D0E531CCED77A004250F6 /* RenderedImageView.swift in Sources */ = {isa = PBXBuildFile; fileRef = 468D0E521CCED77A004250F6 /* RenderedImageView.swift */; };
		469D35AC1CDB144900705F57 /* LandingFormViewController.swift in Sources */ = {isa = PBXBuildFile; fileRef = 469D35AB1CDB144900705F57 /* LandingFormViewController.swift */; };
		46B630DC1CCFF6B50000EFC4 /* FAuthData Convinience.swift in Sources */ = {isa = PBXBuildFile; fileRef = 46B630DB1CCFF6B50000EFC4 /* FAuthData Convinience.swift */; };
		46B630DE1CCFFE6B0000EFC4 /* InflatedPost.swift in Sources */ = {isa = PBXBuildFile; fileRef = 46B630DD1CCFFE6B0000EFC4 /* InflatedPost.swift */; };
		46B630E01CCFFE880000EFC4 /* User.swift in Sources */ = {isa = PBXBuildFile; fileRef = 46B630DF1CCFFE880000EFC4 /* User.swift */; };
		46BF97791C9B6DA700579066 /* Login.storyboard in Resources */ = {isa = PBXBuildFile; fileRef = 46BF97781C9B6DA700579066 /* Login.storyboard */; };
		46C099061C9E34D10015779C /* Bolts.framework in Frameworks */ = {isa = PBXBuildFile; fileRef = 46C099011C9E34D10015779C /* Bolts.framework */; };
		46C099071C9E34D10015779C /* Crashlytics.framework in Frameworks */ = {isa = PBXBuildFile; fileRef = 46C099021C9E34D10015779C /* Crashlytics.framework */; };
		46C099081C9E34D10015779C /* Fabric.framework in Frameworks */ = {isa = PBXBuildFile; fileRef = 46C099031C9E34D10015779C /* Fabric.framework */; };
		46C099091C9E34D10015779C /* FBSDKCoreKit.framework in Frameworks */ = {isa = PBXBuildFile; fileRef = 46C099041C9E34D10015779C /* FBSDKCoreKit.framework */; };
		46C0990A1C9E34D10015779C /* FBSDKLoginKit.framework in Frameworks */ = {isa = PBXBuildFile; fileRef = 46C099051C9E34D10015779C /* FBSDKLoginKit.framework */; };
		46C099101C9F49CF0015779C /* libsqlite3.tbd in Frameworks */ = {isa = PBXBuildFile; fileRef = 46C0990F1C9F49CF0015779C /* libsqlite3.tbd */; };
		46C099141C9F49F90015779C /* SystemConfiguration.framework in Frameworks */ = {isa = PBXBuildFile; fileRef = 46C099131C9F49F90015779C /* SystemConfiguration.framework */; };
		46C099181CA072250015779C /* TwitterKit.framework in Frameworks */ = {isa = PBXBuildFile; fileRef = 46C099151CA072250015779C /* TwitterKit.framework */; };
		46C099191CA072250015779C /* TwitterKitResources.bundle in Resources */ = {isa = PBXBuildFile; fileRef = 46C099161CA072250015779C /* TwitterKitResources.bundle */; };
		46C0991A1CA072250015779C /* TwitterCore.framework in Frameworks */ = {isa = PBXBuildFile; fileRef = 46C099171CA072250015779C /* TwitterCore.framework */; };
		46C0991C1CA087A60015779C /* Twitter+Rx.swift in Sources */ = {isa = PBXBuildFile; fileRef = 46C0991B1CA087A60015779C /* Twitter+Rx.swift */; };
		46C0991E1CA092770015779C /* ParseRxCallbacks.swift in Sources */ = {isa = PBXBuildFile; fileRef = 46C0991D1CA092770015779C /* ParseRxCallbacks.swift */; };
		46C099201CA097640015779C /* LoadingViewController.swift in Sources */ = {isa = PBXBuildFile; fileRef = 46C0991F1CA097640015779C /* LoadingViewController.swift */; };
		46C0992F1CA0A0E80015779C /* AuthenticationActions.swift in Sources */ = {isa = PBXBuildFile; fileRef = 46C0992E1CA0A0E80015779C /* AuthenticationActions.swift */; };
		46CF36A21CCEBCFA00BC17A4 /* Response.swift in Sources */ = {isa = PBXBuildFile; fileRef = 46CF36A11CCEBCFA00BC17A4 /* Response.swift */; };
		46E9569F1CCF14BB00DCD589 /* Haneke.framework in Frameworks */ = {isa = PBXBuildFile; fileRef = 46E9569E1CCF14BB00DCD589 /* Haneke.framework */; };
/* End PBXBuildFile section */

/* Begin PBXFileReference section */
		46271FAA1CD2AB36007196B2 /* Library.framework */ = {isa = PBXFileReference; lastKnownFileType = wrapper.framework; name = Library.framework; path = Carthage/Build/iOS/Library.framework; sourceTree = "<group>"; };
		46271FAD1CD2B02F007196B2 /* ChallengeTableView.swift */ = {isa = PBXFileReference; fileEncoding = 4; lastKnownFileType = sourcecode.swift; path = ChallengeTableView.swift; sourceTree = "<group>"; };
		462F03171CE148CE0031B1B1 /* NoHairlineNavigationBar.swift */ = {isa = PBXFileReference; fileEncoding = 4; lastKnownFileType = sourcecode.swift; path = NoHairlineNavigationBar.swift; sourceTree = "<group>"; };
		462F03191CE185480031B1B1 /* CreatePostState.swift */ = {isa = PBXFileReference; fileEncoding = 4; lastKnownFileType = sourcecode.swift; path = CreatePostState.swift; sourceTree = "<group>"; };
		462F031B1CE1856C0031B1B1 /* CreatePostsActions.swift */ = {isa = PBXFileReference; fileEncoding = 4; lastKnownFileType = sourcecode.swift; path = CreatePostsActions.swift; sourceTree = "<group>"; };
		462F031D1CE185840031B1B1 /* CreatePostProvider.swift */ = {isa = PBXFileReference; fileEncoding = 4; lastKnownFileType = sourcecode.swift; path = CreatePostProvider.swift; sourceTree = "<group>"; };
		462F031F1CE254490031B1B1 /* CreatePostReducer.swift */ = {isa = PBXFileReference; fileEncoding = 4; lastKnownFileType = sourcecode.swift; path = CreatePostReducer.swift; sourceTree = "<group>"; };
		462F03211CE267280031B1B1 /* Result.framework */ = {isa = PBXFileReference; lastKnownFileType = wrapper.framework; name = Result.framework; path = Carthage/Build/iOS/Result.framework; sourceTree = "<group>"; };
		462F03231CE270D60031B1B1 /* KeyboardObserver.swift */ = {isa = PBXFileReference; fileEncoding = 4; lastKnownFileType = sourcecode.swift; path = KeyboardObserver.swift; sourceTree = "<group>"; };
		462F03251CE273D00031B1B1 /* UIStackExtension.swift */ = {isa = PBXFileReference; fileEncoding = 4; lastKnownFileType = sourcecode.swift; path = UIStackExtension.swift; sourceTree = "<group>"; };
		462F03271CE278110031B1B1 /* IQKeyboardManagerSwift.framework */ = {isa = PBXFileReference; lastKnownFileType = wrapper.framework; name = IQKeyboardManagerSwift.framework; path = Carthage/Build/iOS/IQKeyboardManagerSwift.framework; sourceTree = "<group>"; };
		462F03291CE2ADDF0031B1B1 /* NSRangeExtension.swift */ = {isa = PBXFileReference; fileEncoding = 4; lastKnownFileType = sourcecode.swift; path = NSRangeExtension.swift; sourceTree = "<group>"; };
		462F032F1CE2CF1B0031B1B1 /* ChallengeTableViewCell.xib */ = {isa = PBXFileReference; fileEncoding = 4; lastKnownFileType = file.xib; path = ChallengeTableViewCell.xib; sourceTree = "<group>"; };
		46307D381CDD67A700E47A1C /* ExtendedNavbarView.swift */ = {isa = PBXFileReference; fileEncoding = 4; lastKnownFileType = sourcecode.swift; path = ExtendedNavbarView.swift; sourceTree = "<group>"; };
		4644FB9A1C9CBCEF004ACBAF /* ReSwift.framework */ = {isa = PBXFileReference; lastKnownFileType = wrapper.framework; name = ReSwift.framework; path = Carthage/Build/iOS/ReSwift.framework; sourceTree = "<group>"; };
		4644FB9B1C9CBCEF004ACBAF /* ReSwiftRouter.framework */ = {isa = PBXFileReference; lastKnownFileType = wrapper.framework; name = ReSwiftRouter.framework; path = Carthage/Build/iOS/ReSwiftRouter.framework; sourceTree = "<group>"; };
		4644FB9F1C9CBDEE004ACBAF /* RootRoutable.swift */ = {isa = PBXFileReference; fileEncoding = 4; lastKnownFileType = sourcecode.swift; path = RootRoutable.swift; sourceTree = "<group>"; };
		4644FBA41C9CC820004ACBAF /* Storyboards.swift */ = {isa = PBXFileReference; fileEncoding = 4; lastKnownFileType = sourcecode.swift; path = Storyboards.swift; sourceTree = "<group>"; };
		4644FBA71C9CC9CB004ACBAF /* State.swift */ = {isa = PBXFileReference; fileEncoding = 4; lastKnownFileType = sourcecode.swift; path = State.swift; sourceTree = "<group>"; };
		4644FBAA1C9CCA89004ACBAF /* AuthenticationState.swift */ = {isa = PBXFileReference; fileEncoding = 4; lastKnownFileType = sourcecode.swift; path = AuthenticationState.swift; sourceTree = "<group>"; };
		4644FBAC1C9CCAD6004ACBAF /* AppReducer.swift */ = {isa = PBXFileReference; fileEncoding = 4; lastKnownFileType = sourcecode.swift; path = AppReducer.swift; sourceTree = "<group>"; };
		4644FBB01C9CCE79004ACBAF /* Images.swift */ = {isa = PBXFileReference; fileEncoding = 4; lastKnownFileType = sourcecode.swift; path = Images.swift; sourceTree = "<group>"; };
		4644FBB21C9CCF4D004ACBAF /* AuthenticationReducer.swift */ = {isa = PBXFileReference; fileEncoding = 4; lastKnownFileType = sourcecode.swift; path = AuthenticationReducer.swift; sourceTree = "<group>"; };
		4644FBB41C9CD389004ACBAF /* LoginViewRoutable.swift */ = {isa = PBXFileReference; fileEncoding = 4; lastKnownFileType = sourcecode.swift; path = LoginViewRoutable.swift; sourceTree = "<group>"; };
		4644FBB61C9CD3C3004ACBAF /* MainViewRoutable.swift */ = {isa = PBXFileReference; fileEncoding = 4; lastKnownFileType = sourcecode.swift; path = MainViewRoutable.swift; sourceTree = "<group>"; };
		4644FBBB1C9CD67D004ACBAF /* colors.txt */ = {isa = PBXFileReference; fileEncoding = 4; lastKnownFileType = text; path = colors.txt; sourceTree = "<group>"; };
		4644FBBD1C9CD686004ACBAF /* Colors.swift */ = {isa = PBXFileReference; fileEncoding = 4; lastKnownFileType = sourcecode.swift; path = Colors.swift; sourceTree = "<group>"; };
		4644FBC21C9CD6E4004ACBAF /* LandingViewController.swift */ = {isa = PBXFileReference; fileEncoding = 4; lastKnownFileType = sourcecode.swift; path = LandingViewController.swift; sourceTree = "<group>"; };
		4644FBC41C9CDE8D004ACBAF /* Localizable.strings */ = {isa = PBXFileReference; fileEncoding = 4; lastKnownFileType = text.plist.strings; path = Localizable.strings; sourceTree = "<group>"; };
		4644FBC61C9D256B004ACBAF /* Localizable_Strings.swift */ = {isa = PBXFileReference; fileEncoding = 4; lastKnownFileType = sourcecode.swift; path = Localizable_Strings.swift; sourceTree = "<group>"; };
		4644FBD21C9E046B004ACBAF /* Library.framework */ = {isa = PBXFileReference; lastKnownFileType = wrapper.framework; name = Library.framework; path = Carthage/Build/iOS/Library.framework; sourceTree = "<group>"; };
		4644FBD61C9E1307004ACBAF /* RxCocoa.framework */ = {isa = PBXFileReference; lastKnownFileType = wrapper.framework; name = RxCocoa.framework; path = Carthage/Build/iOS/RxCocoa.framework; sourceTree = "<group>"; };
		4644FBD71C9E1307004ACBAF /* RxSwift.framework */ = {isa = PBXFileReference; lastKnownFileType = wrapper.framework; name = RxSwift.framework; path = Carthage/Build/iOS/RxSwift.framework; sourceTree = "<group>"; };
		4644FBDA1C9E1535004ACBAF /* RxViewController.swift */ = {isa = PBXFileReference; fileEncoding = 4; lastKnownFileType = sourcecode.swift; path = RxViewController.swift; sourceTree = "<group>"; };
		4650715E1CB741770041C43C /* Post.swift */ = {isa = PBXFileReference; fileEncoding = 4; lastKnownFileType = sourcecode.swift; name = Post.swift; path = Reducers/Post.swift; sourceTree = "<group>"; };
		465071611CB741E40041C43C /* PostState.swift */ = {isa = PBXFileReference; fileEncoding = 4; lastKnownFileType = sourcecode.swift; path = PostState.swift; sourceTree = "<group>"; };
		465071631CB742290041C43C /* PostReducer.swift */ = {isa = PBXFileReference; fileEncoding = 4; lastKnownFileType = sourcecode.swift; path = PostReducer.swift; sourceTree = "<group>"; };
		465071651CB743340041C43C /* PostActions.swift */ = {isa = PBXFileReference; fileEncoding = 4; lastKnownFileType = sourcecode.swift; path = PostActions.swift; sourceTree = "<group>"; };
		465071671CB745A50041C43C /* PostProvider.swift */ = {isa = PBXFileReference; fileEncoding = 4; lastKnownFileType = sourcecode.swift; path = PostProvider.swift; sourceTree = "<group>"; };
		4658D6B71CC08914009527DF /* Friends.storyboard */ = {isa = PBXFileReference; fileEncoding = 4; lastKnownFileType = file.storyboard; path = Friends.storyboard; sourceTree = "<group>"; };
		4658D6B91CC08919009527DF /* Create.storyboard */ = {isa = PBXFileReference; fileEncoding = 4; lastKnownFileType = file.storyboard; path = Create.storyboard; sourceTree = "<group>"; };
		4658D6BB1CC0891F009527DF /* Me.storyboard */ = {isa = PBXFileReference; fileEncoding = 4; lastKnownFileType = file.storyboard; path = Me.storyboard; sourceTree = "<group>"; };
		4658D6BD1CC089AA009527DF /* FriendsViewController.swift */ = {isa = PBXFileReference; fileEncoding = 4; lastKnownFileType = sourcecode.swift; path = FriendsViewController.swift; sourceTree = "<group>"; };
		4658D6BF1CC089AF009527DF /* CreateViewController.swift */ = {isa = PBXFileReference; fileEncoding = 4; lastKnownFileType = sourcecode.swift; path = CreateViewController.swift; sourceTree = "<group>"; };
		4658D6C11CC089B4009527DF /* MeViewController.swift */ = {isa = PBXFileReference; fileEncoding = 4; lastKnownFileType = sourcecode.swift; path = MeViewController.swift; sourceTree = "<group>"; };
		466BD0941CADA990008DC0C3 /* libc++.tbd */ = {isa = PBXFileReference; lastKnownFileType = "sourcecode.text-based-dylib-definition"; name = "libc++.tbd"; path = "usr/lib/libc++.tbd"; sourceTree = SDKROOT; };
		466BD0961CADA9FF008DC0C3 /* libicucore.tbd */ = {isa = PBXFileReference; lastKnownFileType = "sourcecode.text-based-dylib-definition"; name = libicucore.tbd; path = usr/lib/libicucore.tbd; sourceTree = SDKROOT; };
		466BD0981CADAA08008DC0C3 /* CFNetwork.framework */ = {isa = PBXFileReference; lastKnownFileType = wrapper.framework; name = CFNetwork.framework; path = System/Library/Frameworks/CFNetwork.framework; sourceTree = SDKROOT; };
		466BD09A1CADAA14008DC0C3 /* Security.framework */ = {isa = PBXFileReference; lastKnownFileType = wrapper.framework; name = Security.framework; path = System/Library/Frameworks/Security.framework; sourceTree = SDKROOT; };
		466BD09D1CADAB09008DC0C3 /* Firebase.framework */ = {isa = PBXFileReference; lastKnownFileType = wrapper.framework; name = Firebase.framework; path = Frameworks/Firebase.framework; sourceTree = "<group>"; };
		466BD09F1CADAD6C008DC0C3 /* Facebook+Rx.swift */ = {isa = PBXFileReference; fileEncoding = 4; lastKnownFileType = sourcecode.swift; path = "Facebook+Rx.swift"; sourceTree = "<group>"; };
		466E73FA1CAF222E00EC0B7C /* AuthenticationProvider.swift */ = {isa = PBXFileReference; fileEncoding = 4; lastKnownFileType = sourcecode.swift; path = AuthenticationProvider.swift; sourceTree = "<group>"; };
		466E73FC1CAF271A00EC0B7C /* Firebase+Rx.swift */ = {isa = PBXFileReference; fileEncoding = 4; lastKnownFileType = sourcecode.swift; path = "Firebase+Rx.swift"; sourceTree = "<group>"; };
		466E73FE1CAF4FEC00EC0B7C /* ReSwiftTabBarController.swift */ = {isa = PBXFileReference; fileEncoding = 4; lastKnownFileType = sourcecode.swift; path = ReSwiftTabBarController.swift; sourceTree = "<group>"; };
		466E74001CAFA60000EC0B7C /* HomeTabBarController.swift */ = {isa = PBXFileReference; fileEncoding = 4; lastKnownFileType = sourcecode.swift; path = HomeTabBarController.swift; sourceTree = "<group>"; };
		466E74021CAFA72600EC0B7C /* Feed.storyboard */ = {isa = PBXFileReference; fileEncoding = 4; lastKnownFileType = file.storyboard; path = Feed.storyboard; sourceTree = "<group>"; };
		466E74041CAFA74800EC0B7C /* FeedViewController.swift */ = {isa = PBXFileReference; fileEncoding = 4; lastKnownFileType = sourcecode.swift; path = FeedViewController.swift; sourceTree = "<group>"; };
		468614BB1C89CC3A002C2BAC /* wrytr.app */ = {isa = PBXFileReference; explicitFileType = wrapper.application; includeInIndex = 0; path = wrytr.app; sourceTree = BUILT_PRODUCTS_DIR; };
		468614BE1C89CC3A002C2BAC /* AppDelegate.swift */ = {isa = PBXFileReference; lastKnownFileType = sourcecode.swift; path = AppDelegate.swift; sourceTree = "<group>"; };
		468614C51C89CC3A002C2BAC /* Assets.xcassets */ = {isa = PBXFileReference; lastKnownFileType = folder.assetcatalog; path = Assets.xcassets; sourceTree = "<group>"; };
		468614C81C89CC3A002C2BAC /* Base */ = {isa = PBXFileReference; lastKnownFileType = file.storyboard; name = Base; path = Base.lproj/LaunchScreen.storyboard; sourceTree = "<group>"; };
		468614CA1C89CC3A002C2BAC /* Info.plist */ = {isa = PBXFileReference; lastKnownFileType = text.plist.xml; path = Info.plist; sourceTree = "<group>"; };
		468D0E4E1CCED0F2004250F6 /* FQuery+Rx.swift */ = {isa = PBXFileReference; fileEncoding = 4; lastKnownFileType = sourcecode.swift; path = "FQuery+Rx.swift"; sourceTree = "<group>"; };
		468D0E501CCED4ED004250F6 /* ChallengeTableViewCell.swift */ = {isa = PBXFileReference; fileEncoding = 4; lastKnownFileType = sourcecode.swift; path = ChallengeTableViewCell.swift; sourceTree = "<group>"; };
		468D0E521CCED77A004250F6 /* RenderedImageView.swift */ = {isa = PBXFileReference; fileEncoding = 4; lastKnownFileType = sourcecode.swift; path = RenderedImageView.swift; sourceTree = "<group>"; };
		469D35AB1CDB144900705F57 /* LandingFormViewController.swift */ = {isa = PBXFileReference; fileEncoding = 4; lastKnownFileType = sourcecode.swift; path = LandingFormViewController.swift; sourceTree = "<group>"; };
		46B630DB1CCFF6B50000EFC4 /* FAuthData Convinience.swift */ = {isa = PBXFileReference; fileEncoding = 4; lastKnownFileType = sourcecode.swift; path = "FAuthData Convinience.swift"; sourceTree = "<group>"; };
		46B630DD1CCFFE6B0000EFC4 /* InflatedPost.swift */ = {isa = PBXFileReference; fileEncoding = 4; lastKnownFileType = sourcecode.swift; path = InflatedPost.swift; sourceTree = "<group>"; };
		46B630DF1CCFFE880000EFC4 /* User.swift */ = {isa = PBXFileReference; fileEncoding = 4; lastKnownFileType = sourcecode.swift; path = User.swift; sourceTree = "<group>"; };
		46BF97781C9B6DA700579066 /* Login.storyboard */ = {isa = PBXFileReference; fileEncoding = 4; lastKnownFileType = file.storyboard; path = Login.storyboard; sourceTree = "<group>"; };
		46C099011C9E34D10015779C /* Bolts.framework */ = {isa = PBXFileReference; lastKnownFileType = wrapper.framework; name = Bolts.framework; path = Frameworks/Bolts.framework; sourceTree = "<group>"; };
		46C099021C9E34D10015779C /* Crashlytics.framework */ = {isa = PBXFileReference; lastKnownFileType = wrapper.framework; name = Crashlytics.framework; path = Frameworks/Crashlytics.framework; sourceTree = "<group>"; };
		46C099031C9E34D10015779C /* Fabric.framework */ = {isa = PBXFileReference; lastKnownFileType = wrapper.framework; name = Fabric.framework; path = Frameworks/Fabric.framework; sourceTree = "<group>"; };
		46C099041C9E34D10015779C /* FBSDKCoreKit.framework */ = {isa = PBXFileReference; lastKnownFileType = wrapper.framework; name = FBSDKCoreKit.framework; path = Frameworks/FBSDKCoreKit.framework; sourceTree = "<group>"; };
		46C099051C9E34D10015779C /* FBSDKLoginKit.framework */ = {isa = PBXFileReference; lastKnownFileType = wrapper.framework; name = FBSDKLoginKit.framework; path = Frameworks/FBSDKLoginKit.framework; sourceTree = "<group>"; };
		46C0990F1C9F49CF0015779C /* libsqlite3.tbd */ = {isa = PBXFileReference; lastKnownFileType = "sourcecode.text-based-dylib-definition"; name = libsqlite3.tbd; path = usr/lib/libsqlite3.tbd; sourceTree = SDKROOT; };
		46C099131C9F49F90015779C /* SystemConfiguration.framework */ = {isa = PBXFileReference; lastKnownFileType = wrapper.framework; name = SystemConfiguration.framework; path = System/Library/Frameworks/SystemConfiguration.framework; sourceTree = SDKROOT; };
		46C099151CA072250015779C /* TwitterKit.framework */ = {isa = PBXFileReference; lastKnownFileType = wrapper.framework; name = TwitterKit.framework; path = Frameworks/TwitterKit.framework; sourceTree = "<group>"; };
		46C099161CA072250015779C /* TwitterKitResources.bundle */ = {isa = PBXFileReference; lastKnownFileType = "wrapper.plug-in"; name = TwitterKitResources.bundle; path = Frameworks/TwitterKit.framework/Versions/A/Resources/TwitterKitResources.bundle; sourceTree = "<group>"; };
		46C099171CA072250015779C /* TwitterCore.framework */ = {isa = PBXFileReference; lastKnownFileType = wrapper.framework; name = TwitterCore.framework; path = Frameworks/TwitterCore.framework; sourceTree = "<group>"; };
		46C0991B1CA087A60015779C /* Twitter+Rx.swift */ = {isa = PBXFileReference; fileEncoding = 4; lastKnownFileType = sourcecode.swift; path = "Twitter+Rx.swift"; sourceTree = "<group>"; };
		46C0991D1CA092770015779C /* ParseRxCallbacks.swift */ = {isa = PBXFileReference; fileEncoding = 4; lastKnownFileType = sourcecode.swift; path = ParseRxCallbacks.swift; sourceTree = "<group>"; };
		46C0991F1CA097640015779C /* LoadingViewController.swift */ = {isa = PBXFileReference; fileEncoding = 4; lastKnownFileType = sourcecode.swift; path = LoadingViewController.swift; sourceTree = "<group>"; };
		46C0992E1CA0A0E80015779C /* AuthenticationActions.swift */ = {isa = PBXFileReference; fileEncoding = 4; lastKnownFileType = sourcecode.swift; path = AuthenticationActions.swift; sourceTree = "<group>"; };
		46CF36A11CCEBCFA00BC17A4 /* Response.swift */ = {isa = PBXFileReference; fileEncoding = 4; lastKnownFileType = sourcecode.swift; path = Response.swift; sourceTree = "<group>"; };
		46E9569E1CCF14BB00DCD589 /* Haneke.framework */ = {isa = PBXFileReference; lastKnownFileType = wrapper.framework; name = Haneke.framework; path = Carthage/Build/iOS/Haneke.framework; sourceTree = "<group>"; };
/* End PBXFileReference section */

/* Begin PBXFrameworksBuildPhase section */
		468614B81C89CC3A002C2BAC /* Frameworks */ = {
			isa = PBXFrameworksBuildPhase;
			buildActionMask = 2147483647;
			files = (
				46C099141C9F49F90015779C /* SystemConfiguration.framework in Frameworks */,
				462F03221CE267280031B1B1 /* Result.framework in Frameworks */,
				466BD09B1CADAA14008DC0C3 /* Security.framework in Frameworks */,
				466BD0991CADAA08008DC0C3 /* CFNetwork.framework in Frameworks */,
				466BD0971CADA9FF008DC0C3 /* libicucore.tbd in Frameworks */,
				46E9569F1CCF14BB00DCD589 /* Haneke.framework in Frameworks */,
				466BD0951CADA990008DC0C3 /* libc++.tbd in Frameworks */,
				46C099101C9F49CF0015779C /* libsqlite3.tbd in Frameworks */,
				462F03281CE278110031B1B1 /* IQKeyboardManagerSwift.framework in Frameworks */,
				4644FBD81C9E1307004ACBAF /* RxCocoa.framework in Frameworks */,
				4644FBD91C9E1307004ACBAF /* RxSwift.framework in Frameworks */,
				46271FAB1CD2AB36007196B2 /* Library.framework in Frameworks */,
				46C0990A1C9E34D10015779C /* FBSDKLoginKit.framework in Frameworks */,
				4644FB9C1C9CBCEF004ACBAF /* ReSwift.framework in Frameworks */,
				46C099081C9E34D10015779C /* Fabric.framework in Frameworks */,
				466BD09E1CADAB09008DC0C3 /* Firebase.framework in Frameworks */,
				46C099061C9E34D10015779C /* Bolts.framework in Frameworks */,
				4644FB9D1C9CBCEF004ACBAF /* ReSwiftRouter.framework in Frameworks */,
				46C099181CA072250015779C /* TwitterKit.framework in Frameworks */,
				4644FBD31C9E046B004ACBAF /* Library.framework in Frameworks */,
				46C0991A1CA072250015779C /* TwitterCore.framework in Frameworks */,
				46C099091C9E34D10015779C /* FBSDKCoreKit.framework in Frameworks */,
				46C099071C9E34D10015779C /* Crashlytics.framework in Frameworks */,
			);
			runOnlyForDeploymentPostprocessing = 0;
		};
/* End PBXFrameworksBuildPhase section */

/* Begin PBXGroup section */
		46271FAC1CD2B00E007196B2 /* Reusable */ = {
			isa = PBXGroup;
			children = (
				468D0E501CCED4ED004250F6 /* ChallengeTableViewCell.swift */,
				46271FAD1CD2B02F007196B2 /* ChallengeTableView.swift */,
				462F032F1CE2CF1B0031B1B1 /* ChallengeTableViewCell.xib */,
			);
			name = Reusable;
			sourceTree = "<group>";
		};
		4644FBA21C9CC80A004ACBAF /* Constants */ = {
			isa = PBXGroup;
			children = (
				4644FBBB1C9CD67D004ACBAF /* colors.txt */,
				4644FBC41C9CDE8D004ACBAF /* Localizable.strings */,
				4644FBA31C9CC814004ACBAF /* Build */,
			);
			path = Constants;
			sourceTree = "<group>";
		};
		4644FBA31C9CC814004ACBAF /* Build */ = {
			isa = PBXGroup;
			children = (
				4644FBA41C9CC820004ACBAF /* Storyboards.swift */,
				4644FBB01C9CCE79004ACBAF /* Images.swift */,
				4644FBBD1C9CD686004ACBAF /* Colors.swift */,
				4644FBC61C9D256B004ACBAF /* Localizable_Strings.swift */,
			);
			path = Build;
			sourceTree = "<group>";
		};
		4644FBA61C9CC9A7004ACBAF /* Routes */ = {
			isa = PBXGroup;
			children = (
				4644FB9F1C9CBDEE004ACBAF /* RootRoutable.swift */,
				4644FBB41C9CD389004ACBAF /* LoginViewRoutable.swift */,
				4644FBB61C9CD3C3004ACBAF /* MainViewRoutable.swift */,
			);
			path = Routes;
			sourceTree = "<group>";
		};
		4644FBA91C9CC9CE004ACBAF /* State */ = {
			isa = PBXGroup;
			children = (
				4644FBA71C9CC9CB004ACBAF /* State.swift */,
				4644FBAA1C9CCA89004ACBAF /* AuthenticationState.swift */,
				465071611CB741E40041C43C /* PostState.swift */,
				462F03191CE185480031B1B1 /* CreatePostState.swift */,
			);
			path = State;
			sourceTree = "<group>";
		};
		4644FBAF1C9CCAE1004ACBAF /* Reducers */ = {
			isa = PBXGroup;
			children = (
				4644FBAC1C9CCAD6004ACBAF /* AppReducer.swift */,
				4644FBB21C9CCF4D004ACBAF /* AuthenticationReducer.swift */,
				465071631CB742290041C43C /* PostReducer.swift */,
				462F031F1CE254490031B1B1 /* CreatePostReducer.swift */,
			);
			path = Reducers;
			sourceTree = "<group>";
		};
		4644FBBA1C9CD566004ACBAF /* Supporting Files */ = {
			isa = PBXGroup;
			children = (
				4644FBDC1C9E1539004ACBAF /* Extensions */,
				468614C71C89CC3A002C2BAC /* LaunchScreen.storyboard */,
				468614C51C89CC3A002C2BAC /* Assets.xcassets */,
				468614CA1C89CC3A002C2BAC /* Info.plist */,
				4644FBA21C9CC80A004ACBAF /* Constants */,
			);
			path = "Supporting Files";
			sourceTree = "<group>";
		};
		4644FBBF1C9CD69A004ACBAF /* Views */ = {
			isa = PBXGroup;
			children = (
				4644FBC01C9CD6A7004ACBAF /* Login */,
				4644FBC11C9CD6AB004ACBAF /* Main */,
			);
			path = Views;
			sourceTree = "<group>";
		};
		4644FBC01C9CD6A7004ACBAF /* Login */ = {
			isa = PBXGroup;
			children = (
				46BF97781C9B6DA700579066 /* Login.storyboard */,
				4644FBC21C9CD6E4004ACBAF /* LandingViewController.swift */,
				469D35AB1CDB144900705F57 /* LandingFormViewController.swift */,
			);
			path = Login;
			sourceTree = "<group>";
		};
		4644FBC11C9CD6AB004ACBAF /* Main */ = {
			isa = PBXGroup;
			children = (
				466E74001CAFA60000EC0B7C /* HomeTabBarController.swift */,
				46271FAC1CD2B00E007196B2 /* Reusable */,
				466E74021CAFA72600EC0B7C /* Feed.storyboard */,
				466E74041CAFA74800EC0B7C /* FeedViewController.swift */,
				4658D6B71CC08914009527DF /* Friends.storyboard */,
				4658D6BD1CC089AA009527DF /* FriendsViewController.swift */,
				4658D6B91CC08919009527DF /* Create.storyboard */,
				4658D6BF1CC089AF009527DF /* CreateViewController.swift */,
				4658D6BB1CC0891F009527DF /* Me.storyboard */,
				4658D6C11CC089B4009527DF /* MeViewController.swift */,
			);
			path = Main;
			sourceTree = "<group>";
		};
		4644FBDC1C9E1539004ACBAF /* Extensions */ = {
			isa = PBXGroup;
			children = (
				4644FBDA1C9E1535004ACBAF /* RxViewController.swift */,
				468D0E521CCED77A004250F6 /* RenderedImageView.swift */,
				46C0991F1CA097640015779C /* LoadingViewController.swift */,
				46C0991B1CA087A60015779C /* Twitter+Rx.swift */,
				466BD09F1CADAD6C008DC0C3 /* Facebook+Rx.swift */,
				466E73FC1CAF271A00EC0B7C /* Firebase+Rx.swift */,
				468D0E4E1CCED0F2004250F6 /* FQuery+Rx.swift */,
				46B630DB1CCFF6B50000EFC4 /* FAuthData Convinience.swift */,
				46C0991D1CA092770015779C /* ParseRxCallbacks.swift */,
				466E73FE1CAF4FEC00EC0B7C /* ReSwiftTabBarController.swift */,
				46307D381CDD67A700E47A1C /* ExtendedNavbarView.swift */,
				462F03171CE148CE0031B1B1 /* NoHairlineNavigationBar.swift */,
				462F03231CE270D60031B1B1 /* KeyboardObserver.swift */,
				462F03251CE273D00031B1B1 /* UIStackExtension.swift */,
				462F03291CE2ADDF0031B1B1 /* NSRangeExtension.swift */,
			);
			name = Extensions;
			sourceTree = "<group>";
		};
		465071601CB7417D0041C43C /* Models */ = {
			isa = PBXGroup;
			children = (
				4650715E1CB741770041C43C /* Post.swift */,
				46B630DD1CCFFE6B0000EFC4 /* InflatedPost.swift */,
				46B630DF1CCFFE880000EFC4 /* User.swift */,
				46CF36A11CCEBCFA00BC17A4 /* Response.swift */,
			);
			name = Models;
			sourceTree = "<group>";
		};
		466BD09C1CADAAEF008DC0C3 /* Firebase dependencies */ = {
			isa = PBXGroup;
			children = (
				466BD09A1CADAA14008DC0C3 /* Security.framework */,
				466BD0981CADAA08008DC0C3 /* CFNetwork.framework */,
				466BD0961CADA9FF008DC0C3 /* libicucore.tbd */,
				466BD0941CADA990008DC0C3 /* libc++.tbd */,
				46C099131C9F49F90015779C /* SystemConfiguration.framework */,
			);
			name = "Firebase dependencies";
			sourceTree = "<group>";
		};
		466E73F91CAF222300EC0B7C /* Providers */ = {
			isa = PBXGroup;
			children = (
				466E73FA1CAF222E00EC0B7C /* AuthenticationProvider.swift */,
				465071671CB745A50041C43C /* PostProvider.swift */,
				462F031D1CE185840031B1B1 /* CreatePostProvider.swift */,
			);
			name = Providers;
			sourceTree = "<group>";
		};
		468614B21C89CC3A002C2BAC = {
			isa = PBXGroup;
			children = (
				468614BD1C89CC3A002C2BAC /* wrytr */,
				469FF75B1C975912007508CD /* Dependencies */,
				468614BC1C89CC3A002C2BAC /* Products */,
			);
			sourceTree = "<group>";
		};
		468614BC1C89CC3A002C2BAC /* Products */ = {
			isa = PBXGroup;
			children = (
				468614BB1C89CC3A002C2BAC /* wrytr.app */,
			);
			name = Products;
			sourceTree = "<group>";
		};
		468614BD1C89CC3A002C2BAC /* wrytr */ = {
			isa = PBXGroup;
			children = (
				466E73F91CAF222300EC0B7C /* Providers */,
				46C0992D1CA0A0DF0015779C /* Actions */,
				4644FBA61C9CC9A7004ACBAF /* Routes */,
				4644FBA91C9CC9CE004ACBAF /* State */,
				4644FBAF1C9CCAE1004ACBAF /* Reducers */,
				468614BE1C89CC3A002C2BAC /* AppDelegate.swift */,
				465071601CB7417D0041C43C /* Models */,
				4644FBBF1C9CD69A004ACBAF /* Views */,
				4644FBBA1C9CD566004ACBAF /* Supporting Files */,
			);
			path = wrytr;
			sourceTree = "<group>";
		};
		469FF75B1C975912007508CD /* Dependencies */ = {
			isa = PBXGroup;
			children = (
				46271FAA1CD2AB36007196B2 /* Library.framework */,
				46E9569E1CCF14BB00DCD589 /* Haneke.framework */,
				466BD09D1CADAB09008DC0C3 /* Firebase.framework */,
				466BD09C1CADAAEF008DC0C3 /* Firebase dependencies */,
				46C099151CA072250015779C /* TwitterKit.framework */,
				46C099161CA072250015779C /* TwitterKitResources.bundle */,
				46C099171CA072250015779C /* TwitterCore.framework */,
				46C0990F1C9F49CF0015779C /* libsqlite3.tbd */,
				46C099021C9E34D10015779C /* Crashlytics.framework */,
				46C099031C9E34D10015779C /* Fabric.framework */,
				4644FB9A1C9CBCEF004ACBAF /* ReSwift.framework */,
				4644FB9B1C9CBCEF004ACBAF /* ReSwiftRouter.framework */,
				4644FBD21C9E046B004ACBAF /* Library.framework */,
				4644FBD71C9E1307004ACBAF /* RxSwift.framework */,
				4644FBD61C9E1307004ACBAF /* RxCocoa.framework */,
				46C099011C9E34D10015779C /* Bolts.framework */,
				46C099041C9E34D10015779C /* FBSDKCoreKit.framework */,
				46C099051C9E34D10015779C /* FBSDKLoginKit.framework */,
				462F03211CE267280031B1B1 /* Result.framework */,
				462F03271CE278110031B1B1 /* IQKeyboardManagerSwift.framework */,
			);
			name = Dependencies;
			sourceTree = "<group>";
		};
		46C0992D1CA0A0DF0015779C /* Actions */ = {
			isa = PBXGroup;
			children = (
				46C0992E1CA0A0E80015779C /* AuthenticationActions.swift */,
				465071651CB743340041C43C /* PostActions.swift */,
				462F031B1CE1856C0031B1B1 /* CreatePostsActions.swift */,
			);
			name = Actions;
			sourceTree = "<group>";
		};
/* End PBXGroup section */

/* Begin PBXNativeTarget section */
		468614BA1C89CC3A002C2BAC /* wrytr */ = {
			isa = PBXNativeTarget;
			buildConfigurationList = 468614CD1C89CC3A002C2BAC /* Build configuration list for PBXNativeTarget "wrytr" */;
			buildPhases = (
				4644FBA11C9CBFFA004ACBAF /* SwiftGen */,
				468614B71C89CC3A002C2BAC /* Sources */,
				468614B81C89CC3A002C2BAC /* Frameworks */,
				468614B91C89CC3A002C2BAC /* Resources */,
				469FF7481C9758AD007508CD /* Install Fabric */,
				4644FB9E1C9CBCFE004ACBAF /* Carthage Copy Frameworks */,
			);
			buildRules = (
			);
			dependencies = (
			);
			name = wrytr;
			productName = wrytr;
			productReference = 468614BB1C89CC3A002C2BAC /* wrytr.app */;
			productType = "com.apple.product-type.application";
		};
/* End PBXNativeTarget section */

/* Begin PBXProject section */
		468614B31C89CC3A002C2BAC /* Project object */ = {
			isa = PBXProject;
			attributes = {
				LastSwiftUpdateCheck = 0720;
				LastUpgradeCheck = 0720;
				ORGANIZATIONNAME = "Andrew Breckenridge";
				TargetAttributes = {
					468614BA1C89CC3A002C2BAC = {
						CreatedOnToolsVersion = 7.2.1;
						DevelopmentTeam = L8BYC3JY5Z;
					};
				};
			};
			buildConfigurationList = 468614B61C89CC3A002C2BAC /* Build configuration list for PBXProject "wrytr" */;
			compatibilityVersion = "Xcode 3.2";
			developmentRegion = English;
			hasScannedForEncodings = 0;
			knownRegions = (
				en,
				Base,
			);
			mainGroup = 468614B21C89CC3A002C2BAC;
			productRefGroup = 468614BC1C89CC3A002C2BAC /* Products */;
			projectDirPath = "";
			projectRoot = "";
			targets = (
				468614BA1C89CC3A002C2BAC /* wrytr */,
			);
		};
/* End PBXProject section */

/* Begin PBXResourcesBuildPhase section */
		468614B91C89CC3A002C2BAC /* Resources */ = {
			isa = PBXResourcesBuildPhase;
			buildActionMask = 2147483647;
			files = (
				466E74031CAFA72600EC0B7C /* Feed.storyboard in Resources */,
				4658D6BA1CC08919009527DF /* Create.storyboard in Resources */,
				4658D6BC1CC0891F009527DF /* Me.storyboard in Resources */,
				4644FBBC1C9CD67D004ACBAF /* colors.txt in Resources */,
				462F03301CE2CF1B0031B1B1 /* ChallengeTableViewCell.xib in Resources */,
				46C099191CA072250015779C /* TwitterKitResources.bundle in Resources */,
				4644FBC51C9CDE8D004ACBAF /* Localizable.strings in Resources */,
				4658D6B81CC08914009527DF /* Friends.storyboard in Resources */,
				46BF97791C9B6DA700579066 /* Login.storyboard in Resources */,
				468614C91C89CC3A002C2BAC /* LaunchScreen.storyboard in Resources */,
				468614C61C89CC3A002C2BAC /* Assets.xcassets in Resources */,
			);
			runOnlyForDeploymentPostprocessing = 0;
		};
/* End PBXResourcesBuildPhase section */

/* Begin PBXShellScriptBuildPhase section */
		4644FB9E1C9CBCFE004ACBAF /* Carthage Copy Frameworks */ = {
			isa = PBXShellScriptBuildPhase;
			buildActionMask = 12;
			files = (
			);
			inputPaths = (
				"$(SRCROOT)/Carthage/Build/iOS/ReSwift.framework",
				"$(SRCROOT)/Carthage/Build/iOS/ReSwiftRouter.framework",
				"$(SRCROOT)/Carthage/Build/iOS/Library.framework",
				"$(SRCROOT)/Carthage/Build/iOS/RxSwift.framework",
				"$(SRCROOT)/Carthage/Build/iOS/RxCocoa.framework",
				"$(SRCROOT)/Carthage/Build/iOS/Haneke.framework",
				"$(SRCROOT)/Carthage/Build/iOS/Result.framework",
				"$(SRCROOT)/Carthage/Build/iOS/IQKeyboardManagerSwift.framework",
			);
			name = "Carthage Copy Frameworks";
			outputPaths = (
			);
			runOnlyForDeploymentPostprocessing = 0;
			shellPath = /bin/sh;
			shellScript = "/usr/local/bin/carthage copy-frameworks";
		};
		4644FBA11C9CBFFA004ACBAF /* SwiftGen */ = {
			isa = PBXShellScriptBuildPhase;
			buildActionMask = 2147483647;
			files = (
			);
			inputPaths = (
			);
			name = SwiftGen;
			outputPaths = (
			);
			runOnlyForDeploymentPostprocessing = 0;
			shellPath = /bin/sh;
			shellScript = "DOT_DIR=\"${PROJECT_DIR}/${PROJECT_NAME}\"\nCONST_DIR=\"$DOT_DIR\"\"/Supporting Files/Constants\"\n\nif which /usr/local/bin/swiftgen > /dev/null; then\n    /usr/local/bin/swiftgen storyboards \"$DOT_DIR\" --output \"$CONST_DIR\"\"/Build/Storyboards.swift\"\n    /usr/local/bin/swiftgen images \"$DOT_DIR\"\"/Supporting Files/Assets.xcassets\" --output \"$CONST_DIR\"\"/Build/Images.swift\"\n    /usr/local/bin/swiftgen colors \"$CONST_DIR\"\"/colors.txt\" --output \"$CONST_DIR\"\"/Build/Colors.swift\"\n    /usr/local/bin/swiftgen strings \"$CONST_DIR\"\"/Localizable.strings\" -output \"$CONST_DIR\"\"/Build/Localizable_Strings.swift\"\nelse\n    echo \"BUILD ERROR: You need to brew install swiftgen\"\n    exit 1\nfi";
		};
		469FF7481C9758AD007508CD /* Install Fabric */ = {
			isa = PBXShellScriptBuildPhase;
			buildActionMask = 2147483647;
			files = (
			);
			inputPaths = (
			);
			name = "Install Fabric";
			outputPaths = (
			);
			runOnlyForDeploymentPostprocessing = 0;
			shellPath = /bin/sh;
			shellScript = "./Frameworks/Fabric.framework/run c9709f407e459760ed04225dc4c1524bbe299ea1 3be561ba47fb763f2e8743990529806fc905488acbe191665fddec5d469631fd";
		};
/* End PBXShellScriptBuildPhase section */

/* Begin PBXSourcesBuildPhase section */
		468614B71C89CC3A002C2BAC /* Sources */ = {
			isa = PBXSourcesBuildPhase;
			buildActionMask = 2147483647;
			files = (
				462F031C1CE1856C0031B1B1 /* CreatePostsActions.swift in Sources */,
				466E74051CAFA74800EC0B7C /* FeedViewController.swift in Sources */,
				4644FBA51C9CC820004ACBAF /* Storyboards.swift in Sources */,
				4644FBBE1C9CD686004ACBAF /* Colors.swift in Sources */,
				4644FBC71C9D256B004ACBAF /* Localizable_Strings.swift in Sources */,
				466BD0A01CADAD6C008DC0C3 /* Facebook+Rx.swift in Sources */,
				462F03261CE273D00031B1B1 /* UIStackExtension.swift in Sources */,
				46CF36A21CCEBCFA00BC17A4 /* Response.swift in Sources */,
				46C0991C1CA087A60015779C /* Twitter+Rx.swift in Sources */,
				466E73FF1CAF4FEC00EC0B7C /* ReSwiftTabBarController.swift in Sources */,
				4644FBAB1C9CCA89004ACBAF /* AuthenticationState.swift in Sources */,
				462F03241CE270D60031B1B1 /* KeyboardObserver.swift in Sources */,
				4658D6C01CC089AF009527DF /* CreateViewController.swift in Sources */,
				46C099201CA097640015779C /* LoadingViewController.swift in Sources */,
				462F03201CE254490031B1B1 /* CreatePostReducer.swift in Sources */,
				46B630DC1CCFF6B50000EFC4 /* FAuthData Convinience.swift in Sources */,
				4644FBAD1C9CCAD6004ACBAF /* AppReducer.swift in Sources */,
				4644FBB71C9CD3C3004ACBAF /* MainViewRoutable.swift in Sources */,
				4658D6C21CC089B4009527DF /* MeViewController.swift in Sources */,
				466E73FB1CAF222E00EC0B7C /* AuthenticationProvider.swift in Sources */,
				46C0991E1CA092770015779C /* ParseRxCallbacks.swift in Sources */,
				4644FBB31C9CCF4D004ACBAF /* AuthenticationReducer.swift in Sources */,
				465071621CB741E40041C43C /* PostState.swift in Sources */,
				462F031E1CE185840031B1B1 /* CreatePostProvider.swift in Sources */,
				462F03181CE148CE0031B1B1 /* NoHairlineNavigationBar.swift in Sources */,
				468D0E531CCED77A004250F6 /* RenderedImageView.swift in Sources */,
				468D0E4F1CCED0F2004250F6 /* FQuery+Rx.swift in Sources */,
				46C0992F1CA0A0E80015779C /* AuthenticationActions.swift in Sources */,
				46B630DE1CCFFE6B0000EFC4 /* InflatedPost.swift in Sources */,
				4644FBA01C9CBDEE004ACBAF /* RootRoutable.swift in Sources */,
				4650715F1CB741770041C43C /* Post.swift in Sources */,
				46271FAE1CD2B02F007196B2 /* ChallengeTableView.swift in Sources */,
				462F031A1CE185480031B1B1 /* CreatePostState.swift in Sources */,
				4644FBDB1C9E1535004ACBAF /* RxViewController.swift in Sources */,
				4644FBB51C9CD389004ACBAF /* LoginViewRoutable.swift in Sources */,
				46B630E01CCFFE880000EFC4 /* User.swift in Sources */,
				468D0E511CCED4ED004250F6 /* ChallengeTableViewCell.swift in Sources */,
				4644FBB11C9CCE79004ACBAF /* Images.swift in Sources */,
				465071681CB745A50041C43C /* PostProvider.swift in Sources */,
				4644FBA81C9CC9CB004ACBAF /* State.swift in Sources */,
				4644FBC31C9CD6E4004ACBAF /* LandingViewController.swift in Sources */,
				4658D6BE1CC089AA009527DF /* FriendsViewController.swift in Sources */,
				469D35AC1CDB144900705F57 /* LandingFormViewController.swift in Sources */,
				465071661CB743340041C43C /* PostActions.swift in Sources */,
				46307D391CDD67A700E47A1C /* ExtendedNavbarView.swift in Sources */,
				465071641CB742290041C43C /* PostReducer.swift in Sources */,
				466E74011CAFA60000EC0B7C /* HomeTabBarController.swift in Sources */,
				466E73FD1CAF271A00EC0B7C /* Firebase+Rx.swift in Sources */,
				462F032A1CE2ADDF0031B1B1 /* NSRangeExtension.swift in Sources */,
				468614BF1C89CC3A002C2BAC /* AppDelegate.swift in Sources */,
			);
			runOnlyForDeploymentPostprocessing = 0;
		};
/* End PBXSourcesBuildPhase section */

/* Begin PBXVariantGroup section */
		468614C71C89CC3A002C2BAC /* LaunchScreen.storyboard */ = {
			isa = PBXVariantGroup;
			children = (
				468614C81C89CC3A002C2BAC /* Base */,
			);
			name = LaunchScreen.storyboard;
			path = .;
			sourceTree = "<group>";
		};
/* End PBXVariantGroup section */

/* Begin XCBuildConfiguration section */
		468614CB1C89CC3A002C2BAC /* Debug */ = {
			isa = XCBuildConfiguration;
			buildSettings = {
				ALWAYS_SEARCH_USER_PATHS = NO;
				CLANG_CXX_LANGUAGE_STANDARD = "gnu++0x";
				CLANG_CXX_LIBRARY = "libc++";
				CLANG_ENABLE_MODULES = YES;
				CLANG_ENABLE_OBJC_ARC = YES;
				CLANG_WARN_BOOL_CONVERSION = YES;
				CLANG_WARN_CONSTANT_CONVERSION = YES;
				CLANG_WARN_DIRECT_OBJC_ISA_USAGE = YES_ERROR;
				CLANG_WARN_EMPTY_BODY = YES;
				CLANG_WARN_ENUM_CONVERSION = YES;
				CLANG_WARN_INT_CONVERSION = YES;
				CLANG_WARN_OBJC_ROOT_CLASS = YES_ERROR;
				CLANG_WARN_UNREACHABLE_CODE = YES;
				CLANG_WARN__DUPLICATE_METHOD_MATCH = YES;
				"CODE_SIGN_IDENTITY[sdk=iphoneos*]" = "iPhone Developer";
				COPY_PHASE_STRIP = NO;
				DEBUG_INFORMATION_FORMAT = dwarf;
				ENABLE_STRICT_OBJC_MSGSEND = YES;
				ENABLE_TESTABILITY = YES;
				GCC_C_LANGUAGE_STANDARD = gnu99;
				GCC_DYNAMIC_NO_PIC = NO;
				GCC_NO_COMMON_BLOCKS = YES;
				GCC_OPTIMIZATION_LEVEL = 0;
				GCC_PREPROCESSOR_DEFINITIONS = (
					"DEBUG=1",
					"$(inherited)",
				);
				GCC_WARN_64_TO_32_BIT_CONVERSION = YES;
				GCC_WARN_ABOUT_RETURN_TYPE = YES_ERROR;
				GCC_WARN_UNDECLARED_SELECTOR = YES;
				GCC_WARN_UNINITIALIZED_AUTOS = YES_AGGRESSIVE;
				GCC_WARN_UNUSED_FUNCTION = YES;
				GCC_WARN_UNUSED_VARIABLE = YES;
				IPHONEOS_DEPLOYMENT_TARGET = 9.0;
				MTL_ENABLE_DEBUG_INFO = YES;
				ONLY_ACTIVE_ARCH = YES;
				SDKROOT = iphoneos;
				SWIFT_OPTIMIZATION_LEVEL = "-Onone";
			};
			name = Debug;
		};
		468614CC1C89CC3A002C2BAC /* Release */ = {
			isa = XCBuildConfiguration;
			buildSettings = {
				ALWAYS_SEARCH_USER_PATHS = NO;
				CLANG_CXX_LANGUAGE_STANDARD = "gnu++0x";
				CLANG_CXX_LIBRARY = "libc++";
				CLANG_ENABLE_MODULES = YES;
				CLANG_ENABLE_OBJC_ARC = YES;
				CLANG_WARN_BOOL_CONVERSION = YES;
				CLANG_WARN_CONSTANT_CONVERSION = YES;
				CLANG_WARN_DIRECT_OBJC_ISA_USAGE = YES_ERROR;
				CLANG_WARN_EMPTY_BODY = YES;
				CLANG_WARN_ENUM_CONVERSION = YES;
				CLANG_WARN_INT_CONVERSION = YES;
				CLANG_WARN_OBJC_ROOT_CLASS = YES_ERROR;
				CLANG_WARN_UNREACHABLE_CODE = YES;
				CLANG_WARN__DUPLICATE_METHOD_MATCH = YES;
				"CODE_SIGN_IDENTITY[sdk=iphoneos*]" = "iPhone Developer";
				COPY_PHASE_STRIP = NO;
				DEBUG_INFORMATION_FORMAT = "dwarf-with-dsym";
				ENABLE_NS_ASSERTIONS = NO;
				ENABLE_STRICT_OBJC_MSGSEND = YES;
				GCC_C_LANGUAGE_STANDARD = gnu99;
				GCC_NO_COMMON_BLOCKS = YES;
				GCC_WARN_64_TO_32_BIT_CONVERSION = YES;
				GCC_WARN_ABOUT_RETURN_TYPE = YES_ERROR;
				GCC_WARN_UNDECLARED_SELECTOR = YES;
				GCC_WARN_UNINITIALIZED_AUTOS = YES_AGGRESSIVE;
				GCC_WARN_UNUSED_FUNCTION = YES;
				GCC_WARN_UNUSED_VARIABLE = YES;
				IPHONEOS_DEPLOYMENT_TARGET = 9.0;
				MTL_ENABLE_DEBUG_INFO = NO;
				SDKROOT = iphoneos;
				VALIDATE_PRODUCT = YES;
			};
			name = Release;
		};
		468614CE1C89CC3A002C2BAC /* Debug */ = {
			isa = XCBuildConfiguration;
			buildSettings = {
				ASSETCATALOG_COMPILER_APPICON_NAME = AppIcon;
				CODE_SIGN_IDENTITY = "iPhone Developer";
				DEBUG_INFORMATION_FORMAT = "dwarf-with-dsym";
				FRAMEWORK_SEARCH_PATHS = (
					"$(inherited)",
					"$(PROJECT_DIR)",
					"$(PROJECT_DIR)/Carthage/Build/iOS",
					"$(PROJECT_DIR)/Frameworks",
				);
				INFOPLIST_FILE = "wrytr/Supporting Files/Info.plist";
				LD_RUNPATH_SEARCH_PATHS = "$(inherited) @executable_path/Frameworks";
				OTHER_LDFLAGS = "-ObjC";
				PRODUCT_BUNDLE_IDENTIFIER = tfw.wrytr;
				PRODUCT_NAME = "$(TARGET_NAME)";
			};
			name = Debug;
		};
		468614CF1C89CC3A002C2BAC /* Release */ = {
			isa = XCBuildConfiguration;
			buildSettings = {
				ASSETCATALOG_COMPILER_APPICON_NAME = AppIcon;
				CODE_SIGN_IDENTITY = "iPhone Developer";
				DEBUG_INFORMATION_FORMAT = "dwarf-with-dsym";
				FRAMEWORK_SEARCH_PATHS = (
					"$(inherited)",
					"$(PROJECT_DIR)",
					"$(PROJECT_DIR)/Carthage/Build/iOS",
					"$(PROJECT_DIR)/Frameworks",
				);
				INFOPLIST_FILE = "wrytr/Supporting Files/Info.plist";
				LD_RUNPATH_SEARCH_PATHS = "$(inherited) @executable_path/Frameworks";
				OTHER_LDFLAGS = "-ObjC";
				PRODUCT_BUNDLE_IDENTIFIER = tfw.wrytr;
				PRODUCT_NAME = "$(TARGET_NAME)";
			};
			name = Release;
		};
/* End XCBuildConfiguration section */

/* Begin XCConfigurationList section */
		468614B61C89CC3A002C2BAC /* Build configuration list for PBXProject "wrytr" */ = {
			isa = XCConfigurationList;
			buildConfigurations = (
				468614CB1C89CC3A002C2BAC /* Debug */,
				468614CC1C89CC3A002C2BAC /* Release */,
			);
			defaultConfigurationIsVisible = 0;
			defaultConfigurationName = Release;
		};
		468614CD1C89CC3A002C2BAC /* Build configuration list for PBXNativeTarget "wrytr" */ = {
			isa = XCConfigurationList;
			buildConfigurations = (
				468614CE1C89CC3A002C2BAC /* Debug */,
				468614CF1C89CC3A002C2BAC /* Release */,
			);
			defaultConfigurationIsVisible = 0;
			defaultConfigurationName = Release;
		};
/* End XCConfigurationList section */
	};
	rootObject = 468614B31C89CC3A002C2BAC /* Project object */;
}
