// !$*UTF8*$!
{
	archiveVersion = 1;
	classes = {
	};
	objectVersion = 46;
	objects = {

/* Begin PBXBuildFile section */
		46B164921ED4DB79002BEBD7 /* APIError.swift in Sources */ = {isa = PBXBuildFile; fileRef = 46B164351ED4DB79002BEBD7 /* APIError.swift */; };
		46B164931ED4DB79002BEBD7 /* FirebaseProvider + PostType.swift in Sources */ = {isa = PBXBuildFile; fileRef = 46B164361ED4DB79002BEBD7 /* FirebaseProvider + PostType.swift */; };
		46B164941ED4DB79002BEBD7 /* FirebaseProvider + ReactionType.swift in Sources */ = {isa = PBXBuildFile; fileRef = 46B164371ED4DB79002BEBD7 /* FirebaseProvider + ReactionType.swift */; };
		46B164951ED4DB79002BEBD7 /* FirebaseProvider + UserType.swift in Sources */ = {isa = PBXBuildFile; fileRef = 46B164381ED4DB79002BEBD7 /* FirebaseProvider + UserType.swift */; };
		46B164961ED4DB79002BEBD7 /* JSON + Embed UID.swift in Sources */ = {isa = PBXBuildFile; fileRef = 46B164391ED4DB79002BEBD7 /* JSON + Embed UID.swift */; };
		46B164971ED4DB79002BEBD7 /* Post.swift in Sources */ = {isa = PBXBuildFile; fileRef = 46B1643B1ED4DB79002BEBD7 /* Post.swift */; };
		46B164981ED4DB79002BEBD7 /* PostService.swift in Sources */ = {isa = PBXBuildFile; fileRef = 46B1643C1ED4DB79002BEBD7 /* PostService.swift */; };
		46B164991ED4DB79002BEBD7 /* PostType.swift in Sources */ = {isa = PBXBuildFile; fileRef = 46B1643D1ED4DB79002BEBD7 /* PostType.swift */; };
		46B1649A1ED4DB79002BEBD7 /* ReactionType.swift in Sources */ = {isa = PBXBuildFile; fileRef = 46B1643E1ED4DB79002BEBD7 /* ReactionType.swift */; };
		46B1649B1ED4DB79002BEBD7 /* User.swift in Sources */ = {isa = PBXBuildFile; fileRef = 46B164401ED4DB79002BEBD7 /* User.swift */; };
		46B1649C1ED4DB79002BEBD7 /* UserService.swift in Sources */ = {isa = PBXBuildFile; fileRef = 46B164411ED4DB79002BEBD7 /* UserService.swift */; };
		46B1649D1ED4DB79002BEBD7 /* UserType.swift in Sources */ = {isa = PBXBuildFile; fileRef = 46B164421ED4DB79002BEBD7 /* UserType.swift */; };
		46B1649E1ED4DB79002BEBD7 /* App.swift in Sources */ = {isa = PBXBuildFile; fileRef = 46B164441ED4DB79002BEBD7 /* App.swift */; };
		46B1649F1ED4DB79002BEBD7 /* AppDelegate.swift in Sources */ = {isa = PBXBuildFile; fileRef = 46B164451ED4DB79002BEBD7 /* AppDelegate.swift */; };
		46B164A01ED4DB79002BEBD7 /* AuthenticationNavigator.swift in Sources */ = {isa = PBXBuildFile; fileRef = 46B164481ED4DB79002BEBD7 /* AuthenticationNavigator.swift */; };
		46B164A11ED4DB79002BEBD7 /* Landing.storyboard in Resources */ = {isa = PBXBuildFile; fileRef = 46B1644A1ED4DB79002BEBD7 /* Landing.storyboard */; };
		46B164A21ED4DB79002BEBD7 /* LandingController.swift in Sources */ = {isa = PBXBuildFile; fileRef = 46B1644B1ED4DB79002BEBD7 /* LandingController.swift */; };
		46B164A31ED4DB79002BEBD7 /* LandingModule.swift in Sources */ = {isa = PBXBuildFile; fileRef = 46B1644C1ED4DB79002BEBD7 /* LandingModule.swift */; };
		46B164A41ED4DB79002BEBD7 /* LandingReducer.swift in Sources */ = {isa = PBXBuildFile; fileRef = 46B1644D1ED4DB79002BEBD7 /* LandingReducer.swift */; };
		46B164A51ED4DB79002BEBD7 /* LandingViewController.swift in Sources */ = {isa = PBXBuildFile; fileRef = 46B1644E1ED4DB79002BEBD7 /* LandingViewController.swift */; };
		46B164A61ED4DB79002BEBD7 /* Create.storyboard in Resources */ = {isa = PBXBuildFile; fileRef = 46B164511ED4DB79002BEBD7 /* Create.storyboard */; };
		46B164A71ED4DB79002BEBD7 /* CreateController.swift in Sources */ = {isa = PBXBuildFile; fileRef = 46B164521ED4DB79002BEBD7 /* CreateController.swift */; };
		46B164A81ED4DB79002BEBD7 /* CreateReducer.swift in Sources */ = {isa = PBXBuildFile; fileRef = 46B164531ED4DB79002BEBD7 /* CreateReducer.swift */; };
		46B164A91ED4DB79002BEBD7 /* CreateViewController.swift in Sources */ = {isa = PBXBuildFile; fileRef = 46B164541ED4DB79002BEBD7 /* CreateViewController.swift */; };
		46B164AA1ED4DB79002BEBD7 /* FeedReducer.swift in Sources */ = {isa = PBXBuildFile; fileRef = 46B164561ED4DB79002BEBD7 /* FeedReducer.swift */; };
		46B164AB1ED4DB79002BEBD7 /* FeedViewController.swift in Sources */ = {isa = PBXBuildFile; fileRef = 46B164571ED4DB79002BEBD7 /* FeedViewController.swift */; };
		46B164AC1ED4DB79002BEBD7 /* FriendsReducer.swift in Sources */ = {isa = PBXBuildFile; fileRef = 46B164591ED4DB79002BEBD7 /* FriendsReducer.swift */; };
		46B164AD1ED4DB79002BEBD7 /* FriendsViewController.swift in Sources */ = {isa = PBXBuildFile; fileRef = 46B1645A1ED4DB79002BEBD7 /* FriendsViewController.swift */; };
		46B164AE1ED4DB79002BEBD7 /* HomeNavigator.swift in Sources */ = {isa = PBXBuildFile; fileRef = 46B1645B1ED4DB79002BEBD7 /* HomeNavigator.swift */; };
		46B164AF1ED4DB79002BEBD7 /* Me.storyboard in Resources */ = {isa = PBXBuildFile; fileRef = 46B1645D1ED4DB79002BEBD7 /* Me.storyboard */; };
		46B164B01ED4DB79002BEBD7 /* MeController.swift in Sources */ = {isa = PBXBuildFile; fileRef = 46B1645E1ED4DB79002BEBD7 /* MeController.swift */; };
		46B164B11ED4DB79002BEBD7 /* MeHandler.swift in Sources */ = {isa = PBXBuildFile; fileRef = 46B1645F1ED4DB79002BEBD7 /* MeHandler.swift */; };
		46B164B21ED4DB79002BEBD7 /* MeReducer.swift in Sources */ = {isa = PBXBuildFile; fileRef = 46B164601ED4DB79002BEBD7 /* MeReducer.swift */; };
		46B164B31ED4DB79002BEBD7 /* MeViewController.swift in Sources */ = {isa = PBXBuildFile; fileRef = 46B164611ED4DB79002BEBD7 /* MeViewController.swift */; };
		46B164B41ED4DB79002BEBD7 /* ChallengeController.swift in Sources */ = {isa = PBXBuildFile; fileRef = 46B164641ED4DB79002BEBD7 /* ChallengeController.swift */; };
		46B164B51ED4DB79002BEBD7 /* ChallengeReducer.swift in Sources */ = {isa = PBXBuildFile; fileRef = 46B164651ED4DB79002BEBD7 /* ChallengeReducer.swift */; };
		46B164B61ED4DB79002BEBD7 /* Challenge.storyboard in Resources */ = {isa = PBXBuildFile; fileRef = 46B164671ED4DB79002BEBD7 /* Challenge.storyboard */; };
		46B164B71ED4DB79002BEBD7 /* ChallengeNavigationController.swift in Sources */ = {isa = PBXBuildFile; fileRef = 46B164681ED4DB79002BEBD7 /* ChallengeNavigationController.swift */; };
		46B164B81ED4DB79002BEBD7 /* ChallengeTableView.swift in Sources */ = {isa = PBXBuildFile; fileRef = 46B164691ED4DB79002BEBD7 /* ChallengeTableView.swift */; };
		46B164B91ED4DB79002BEBD7 /* ChallengeTableViewCell.swift in Sources */ = {isa = PBXBuildFile; fileRef = 46B1646A1ED4DB79002BEBD7 /* ChallengeTableViewCell.swift */; };
		46B164BA1ED4DB79002BEBD7 /* ChallengeViewController.swift in Sources */ = {isa = PBXBuildFile; fileRef = 46B1646B1ED4DB79002BEBD7 /* ChallengeViewController.swift */; };
		46B164BB1ED4DB79002BEBD7 /* SegmentedTableViewHeaderFooterView.swift in Sources */ = {isa = PBXBuildFile; fileRef = 46B1646C1ED4DB79002BEBD7 /* SegmentedTableViewHeaderFooterView.swift */; };
		46B164BC1ED4DB79002BEBD7 /* Compose.storyboard in Resources */ = {isa = PBXBuildFile; fileRef = 46B1646E1ED4DB79002BEBD7 /* Compose.storyboard */; };
		46B164BD1ED4DB79002BEBD7 /* ComposeViewController.swift in Sources */ = {isa = PBXBuildFile; fileRef = 46B1646F1ED4DB79002BEBD7 /* ComposeViewController.swift */; };
		46B164BE1ED4DB79002BEBD7 /* PostDetail.storyboard in Resources */ = {isa = PBXBuildFile; fileRef = 46B164711ED4DB79002BEBD7 /* PostDetail.storyboard */; };
		46B164BF1ED4DB79002BEBD7 /* PostDetailViewController.swift in Sources */ = {isa = PBXBuildFile; fileRef = 46B164721ED4DB79002BEBD7 /* PostDetailViewController.swift */; };
		46B164C01ED4DB79002BEBD7 /* PostResponsesViewController.swift in Sources */ = {isa = PBXBuildFile; fileRef = 46B164731ED4DB79002BEBD7 /* PostResponsesViewController.swift */; };
		46B164C11ED4DB79002BEBD7 /* PublishReplyViewController.swift in Sources */ = {isa = PBXBuildFile; fileRef = 46B164741ED4DB79002BEBD7 /* PublishReplyViewController.swift */; };
		46B164C21ED4DB79002BEBD7 /* ProfilePhoto.storyboard in Resources */ = {isa = PBXBuildFile; fileRef = 46B164761ED4DB79002BEBD7 /* ProfilePhoto.storyboard */; };
		46B164C31ED4DB79002BEBD7 /* ProfilePhotoViewController.swift in Sources */ = {isa = PBXBuildFile; fileRef = 46B164771ED4DB79002BEBD7 /* ProfilePhotoViewController.swift */; };
		46B164C41ED4DB79002BEBD7 /* Profile.storyboard in Resources */ = {isa = PBXBuildFile; fileRef = 46B164791ED4DB79002BEBD7 /* Profile.storyboard */; };
		46B164C51ED4DB79002BEBD7 /* ProfileViewController.swift in Sources */ = {isa = PBXBuildFile; fileRef = 46B1647A1ED4DB79002BEBD7 /* ProfileViewController.swift */; };
		46B164C61ED4DB79002BEBD7 /* RootNavigator.swift in Sources */ = {isa = PBXBuildFile; fileRef = 46B1647B1ED4DB79002BEBD7 /* RootNavigator.swift */; };
		46B164C71ED4DB79002BEBD7 /* AppRoute.swift in Sources */ = {isa = PBXBuildFile; fileRef = 46B1647D1ED4DB79002BEBD7 /* AppRoute.swift */; };
		46B164C81ED4DB79002BEBD7 /* AppState.swift in Sources */ = {isa = PBXBuildFile; fileRef = 46B1647E1ED4DB79002BEBD7 /* AppState.swift */; };
		46B164C91ED4DB79002BEBD7 /* AuthenticationState.swift in Sources */ = {isa = PBXBuildFile; fileRef = 46B1647F1ED4DB79002BEBD7 /* AuthenticationState.swift */; };
		46B164CA1ED4DB79002BEBD7 /* PostState.swift in Sources */ = {isa = PBXBuildFile; fileRef = 46B164801ED4DB79002BEBD7 /* PostState.swift */; };
		46B164CB1ED4DB79002BEBD7 /* Store.swift in Sources */ = {isa = PBXBuildFile; fileRef = 46B164811ED4DB79002BEBD7 /* Store.swift */; };
		46B164CC1ED4DB79002BEBD7 /* Info.plist in Resources */ = {isa = PBXBuildFile; fileRef = 46B164831ED4DB79002BEBD7 /* Info.plist */; };
		46B164CD1ED4DB79002BEBD7 /* Assets.xcassets in Resources */ = {isa = PBXBuildFile; fileRef = 46B164851ED4DB79002BEBD7 /* Assets.xcassets */; };
		46B164CE1ED4DB79002BEBD7 /* LaunchScreen.storyboard in Resources */ = {isa = PBXBuildFile; fileRef = 46B164861ED4DB79002BEBD7 /* LaunchScreen.storyboard */; };
		46B164CF1ED4DB79002BEBD7 /* Colors.swift in Sources */ = {isa = PBXBuildFile; fileRef = 46B1648A1ED4DB79002BEBD7 /* Colors.swift */; };
		46B164D01ED4DB79002BEBD7 /* Images.swift in Sources */ = {isa = PBXBuildFile; fileRef = 46B1648B1ED4DB79002BEBD7 /* Images.swift */; };
		46B164D11ED4DB79002BEBD7 /* Localizable_Strings.swift in Sources */ = {isa = PBXBuildFile; fileRef = 46B1648C1ED4DB79002BEBD7 /* Localizable_Strings.swift */; };
		46B164D21ED4DB79002BEBD7 /* Storyboards.swift in Sources */ = {isa = PBXBuildFile; fileRef = 46B1648D1ED4DB79002BEBD7 /* Storyboards.swift */; };
		46B164D31ED4DB79002BEBD7 /* colors.txt in Resources */ = {isa = PBXBuildFile; fileRef = 46B1648E1ED4DB79002BEBD7 /* colors.txt */; };
		46B164D41ED4DB79002BEBD7 /* Localizable.strings in Resources */ = {isa = PBXBuildFile; fileRef = 46B1648F1ED4DB79002BEBD7 /* Localizable.strings */; };
		46B164D51ED4DB79002BEBD7 /* strings-swift3.stencil in Resources */ = {isa = PBXBuildFile; fileRef = 46B164901ED4DB79002BEBD7 /* strings-swift3.stencil */; };
/* End PBXBuildFile section */

/* Begin PBXFileReference section */
		46B1637B1ED4DA58002BEBD7 /* wrytr.app */ = {isa = PBXFileReference; explicitFileType = wrapper.application; includeInIndex = 0; path = wrytr.app; sourceTree = BUILT_PRODUCTS_DIR; };
		46B164351ED4DB79002BEBD7 /* APIError.swift */ = {isa = PBXFileReference; fileEncoding = 4; lastKnownFileType = sourcecode.swift; path = APIError.swift; sourceTree = "<group>"; };
		46B164361ED4DB79002BEBD7 /* FirebaseProvider + PostType.swift */ = {isa = PBXFileReference; fileEncoding = 4; lastKnownFileType = sourcecode.swift; path = "FirebaseProvider + PostType.swift"; sourceTree = "<group>"; };
		46B164371ED4DB79002BEBD7 /* FirebaseProvider + ReactionType.swift */ = {isa = PBXFileReference; fileEncoding = 4; lastKnownFileType = sourcecode.swift; path = "FirebaseProvider + ReactionType.swift"; sourceTree = "<group>"; };
		46B164381ED4DB79002BEBD7 /* FirebaseProvider + UserType.swift */ = {isa = PBXFileReference; fileEncoding = 4; lastKnownFileType = sourcecode.swift; path = "FirebaseProvider + UserType.swift"; sourceTree = "<group>"; };
		46B164391ED4DB79002BEBD7 /* JSON + Embed UID.swift */ = {isa = PBXFileReference; fileEncoding = 4; lastKnownFileType = sourcecode.swift; path = "JSON + Embed UID.swift"; sourceTree = "<group>"; };
		46B1643B1ED4DB79002BEBD7 /* Post.swift */ = {isa = PBXFileReference; fileEncoding = 4; lastKnownFileType = sourcecode.swift; path = Post.swift; sourceTree = "<group>"; };
		46B1643C1ED4DB79002BEBD7 /* PostService.swift */ = {isa = PBXFileReference; fileEncoding = 4; lastKnownFileType = sourcecode.swift; path = PostService.swift; sourceTree = "<group>"; };
		46B1643D1ED4DB79002BEBD7 /* PostType.swift */ = {isa = PBXFileReference; fileEncoding = 4; lastKnownFileType = sourcecode.swift; path = PostType.swift; sourceTree = "<group>"; };
		46B1643E1ED4DB79002BEBD7 /* ReactionType.swift */ = {isa = PBXFileReference; fileEncoding = 4; lastKnownFileType = sourcecode.swift; path = ReactionType.swift; sourceTree = "<group>"; };
		46B164401ED4DB79002BEBD7 /* User.swift */ = {isa = PBXFileReference; fileEncoding = 4; lastKnownFileType = sourcecode.swift; path = User.swift; sourceTree = "<group>"; };
		46B164411ED4DB79002BEBD7 /* UserService.swift */ = {isa = PBXFileReference; fileEncoding = 4; lastKnownFileType = sourcecode.swift; path = UserService.swift; sourceTree = "<group>"; };
		46B164421ED4DB79002BEBD7 /* UserType.swift */ = {isa = PBXFileReference; fileEncoding = 4; lastKnownFileType = sourcecode.swift; path = UserType.swift; sourceTree = "<group>"; };
		46B164441ED4DB79002BEBD7 /* App.swift */ = {isa = PBXFileReference; fileEncoding = 4; lastKnownFileType = sourcecode.swift; path = App.swift; sourceTree = "<group>"; };
		46B164451ED4DB79002BEBD7 /* AppDelegate.swift */ = {isa = PBXFileReference; fileEncoding = 4; lastKnownFileType = sourcecode.swift; path = AppDelegate.swift; sourceTree = "<group>"; };
		46B164481ED4DB79002BEBD7 /* AuthenticationNavigator.swift */ = {isa = PBXFileReference; fileEncoding = 4; lastKnownFileType = sourcecode.swift; path = AuthenticationNavigator.swift; sourceTree = "<group>"; };
		46B1644A1ED4DB79002BEBD7 /* Landing.storyboard */ = {isa = PBXFileReference; fileEncoding = 4; lastKnownFileType = file.storyboard; path = Landing.storyboard; sourceTree = "<group>"; };
		46B1644B1ED4DB79002BEBD7 /* LandingController.swift */ = {isa = PBXFileReference; fileEncoding = 4; lastKnownFileType = sourcecode.swift; path = LandingController.swift; sourceTree = "<group>"; };
		46B1644C1ED4DB79002BEBD7 /* LandingModule.swift */ = {isa = PBXFileReference; fileEncoding = 4; lastKnownFileType = sourcecode.swift; path = LandingModule.swift; sourceTree = "<group>"; };
		46B1644D1ED4DB79002BEBD7 /* LandingReducer.swift */ = {isa = PBXFileReference; fileEncoding = 4; lastKnownFileType = sourcecode.swift; path = LandingReducer.swift; sourceTree = "<group>"; };
		46B1644E1ED4DB79002BEBD7 /* LandingViewController.swift */ = {isa = PBXFileReference; fileEncoding = 4; lastKnownFileType = sourcecode.swift; path = LandingViewController.swift; sourceTree = "<group>"; };
		46B164511ED4DB79002BEBD7 /* Create.storyboard */ = {isa = PBXFileReference; fileEncoding = 4; lastKnownFileType = file.storyboard; path = Create.storyboard; sourceTree = "<group>"; };
		46B164521ED4DB79002BEBD7 /* CreateController.swift */ = {isa = PBXFileReference; fileEncoding = 4; lastKnownFileType = sourcecode.swift; path = CreateController.swift; sourceTree = "<group>"; };
		46B164531ED4DB79002BEBD7 /* CreateReducer.swift */ = {isa = PBXFileReference; fileEncoding = 4; lastKnownFileType = sourcecode.swift; path = CreateReducer.swift; sourceTree = "<group>"; };
		46B164541ED4DB79002BEBD7 /* CreateViewController.swift */ = {isa = PBXFileReference; fileEncoding = 4; lastKnownFileType = sourcecode.swift; path = CreateViewController.swift; sourceTree = "<group>"; };
		46B164561ED4DB79002BEBD7 /* FeedReducer.swift */ = {isa = PBXFileReference; fileEncoding = 4; lastKnownFileType = sourcecode.swift; path = FeedReducer.swift; sourceTree = "<group>"; };
		46B164571ED4DB79002BEBD7 /* FeedViewController.swift */ = {isa = PBXFileReference; fileEncoding = 4; lastKnownFileType = sourcecode.swift; path = FeedViewController.swift; sourceTree = "<group>"; };
		46B164591ED4DB79002BEBD7 /* FriendsReducer.swift */ = {isa = PBXFileReference; fileEncoding = 4; lastKnownFileType = sourcecode.swift; path = FriendsReducer.swift; sourceTree = "<group>"; };
		46B1645A1ED4DB79002BEBD7 /* FriendsViewController.swift */ = {isa = PBXFileReference; fileEncoding = 4; lastKnownFileType = sourcecode.swift; path = FriendsViewController.swift; sourceTree = "<group>"; };
		46B1645B1ED4DB79002BEBD7 /* HomeNavigator.swift */ = {isa = PBXFileReference; fileEncoding = 4; lastKnownFileType = sourcecode.swift; path = HomeNavigator.swift; sourceTree = "<group>"; };
		46B1645D1ED4DB79002BEBD7 /* Me.storyboard */ = {isa = PBXFileReference; fileEncoding = 4; lastKnownFileType = file.storyboard; path = Me.storyboard; sourceTree = "<group>"; };
		46B1645E1ED4DB79002BEBD7 /* MeController.swift */ = {isa = PBXFileReference; fileEncoding = 4; lastKnownFileType = sourcecode.swift; path = MeController.swift; sourceTree = "<group>"; };
		46B1645F1ED4DB79002BEBD7 /* MeHandler.swift */ = {isa = PBXFileReference; fileEncoding = 4; lastKnownFileType = sourcecode.swift; path = MeHandler.swift; sourceTree = "<group>"; };
		46B164601ED4DB79002BEBD7 /* MeReducer.swift */ = {isa = PBXFileReference; fileEncoding = 4; lastKnownFileType = sourcecode.swift; path = MeReducer.swift; sourceTree = "<group>"; };
		46B164611ED4DB79002BEBD7 /* MeViewController.swift */ = {isa = PBXFileReference; fileEncoding = 4; lastKnownFileType = sourcecode.swift; path = MeViewController.swift; sourceTree = "<group>"; };
		46B164641ED4DB79002BEBD7 /* ChallengeController.swift */ = {isa = PBXFileReference; fileEncoding = 4; lastKnownFileType = sourcecode.swift; path = ChallengeController.swift; sourceTree = "<group>"; };
		46B164651ED4DB79002BEBD7 /* ChallengeReducer.swift */ = {isa = PBXFileReference; fileEncoding = 4; lastKnownFileType = sourcecode.swift; path = ChallengeReducer.swift; sourceTree = "<group>"; };
		46B164671ED4DB79002BEBD7 /* Challenge.storyboard */ = {isa = PBXFileReference; fileEncoding = 4; lastKnownFileType = file.storyboard; path = Challenge.storyboard; sourceTree = "<group>"; };
		46B164681ED4DB79002BEBD7 /* ChallengeNavigationController.swift */ = {isa = PBXFileReference; fileEncoding = 4; lastKnownFileType = sourcecode.swift; path = ChallengeNavigationController.swift; sourceTree = "<group>"; };
		46B164691ED4DB79002BEBD7 /* ChallengeTableView.swift */ = {isa = PBXFileReference; fileEncoding = 4; lastKnownFileType = sourcecode.swift; path = ChallengeTableView.swift; sourceTree = "<group>"; };
		46B1646A1ED4DB79002BEBD7 /* ChallengeTableViewCell.swift */ = {isa = PBXFileReference; fileEncoding = 4; lastKnownFileType = sourcecode.swift; path = ChallengeTableViewCell.swift; sourceTree = "<group>"; };
		46B1646B1ED4DB79002BEBD7 /* ChallengeViewController.swift */ = {isa = PBXFileReference; fileEncoding = 4; lastKnownFileType = sourcecode.swift; path = ChallengeViewController.swift; sourceTree = "<group>"; };
		46B1646C1ED4DB79002BEBD7 /* SegmentedTableViewHeaderFooterView.swift */ = {isa = PBXFileReference; fileEncoding = 4; lastKnownFileType = sourcecode.swift; path = SegmentedTableViewHeaderFooterView.swift; sourceTree = "<group>"; };
		46B1646E1ED4DB79002BEBD7 /* Compose.storyboard */ = {isa = PBXFileReference; fileEncoding = 4; lastKnownFileType = file.storyboard; path = Compose.storyboard; sourceTree = "<group>"; };
		46B1646F1ED4DB79002BEBD7 /* ComposeViewController.swift */ = {isa = PBXFileReference; fileEncoding = 4; lastKnownFileType = sourcecode.swift; path = ComposeViewController.swift; sourceTree = "<group>"; };
		46B164711ED4DB79002BEBD7 /* PostDetail.storyboard */ = {isa = PBXFileReference; fileEncoding = 4; lastKnownFileType = file.storyboard; path = PostDetail.storyboard; sourceTree = "<group>"; };
		46B164721ED4DB79002BEBD7 /* PostDetailViewController.swift */ = {isa = PBXFileReference; fileEncoding = 4; lastKnownFileType = sourcecode.swift; path = PostDetailViewController.swift; sourceTree = "<group>"; };
		46B164731ED4DB79002BEBD7 /* PostResponsesViewController.swift */ = {isa = PBXFileReference; fileEncoding = 4; lastKnownFileType = sourcecode.swift; path = PostResponsesViewController.swift; sourceTree = "<group>"; };
		46B164741ED4DB79002BEBD7 /* PublishReplyViewController.swift */ = {isa = PBXFileReference; fileEncoding = 4; lastKnownFileType = sourcecode.swift; path = PublishReplyViewController.swift; sourceTree = "<group>"; };
		46B164761ED4DB79002BEBD7 /* ProfilePhoto.storyboard */ = {isa = PBXFileReference; fileEncoding = 4; lastKnownFileType = file.storyboard; path = ProfilePhoto.storyboard; sourceTree = "<group>"; };
		46B164771ED4DB79002BEBD7 /* ProfilePhotoViewController.swift */ = {isa = PBXFileReference; fileEncoding = 4; lastKnownFileType = sourcecode.swift; path = ProfilePhotoViewController.swift; sourceTree = "<group>"; };
		46B164791ED4DB79002BEBD7 /* Profile.storyboard */ = {isa = PBXFileReference; fileEncoding = 4; lastKnownFileType = file.storyboard; path = Profile.storyboard; sourceTree = "<group>"; };
		46B1647A1ED4DB79002BEBD7 /* ProfileViewController.swift */ = {isa = PBXFileReference; fileEncoding = 4; lastKnownFileType = sourcecode.swift; path = ProfileViewController.swift; sourceTree = "<group>"; };
		46B1647B1ED4DB79002BEBD7 /* RootNavigator.swift */ = {isa = PBXFileReference; fileEncoding = 4; lastKnownFileType = sourcecode.swift; path = RootNavigator.swift; sourceTree = "<group>"; };
		46B1647D1ED4DB79002BEBD7 /* AppRoute.swift */ = {isa = PBXFileReference; fileEncoding = 4; lastKnownFileType = sourcecode.swift; path = AppRoute.swift; sourceTree = "<group>"; };
		46B1647E1ED4DB79002BEBD7 /* AppState.swift */ = {isa = PBXFileReference; fileEncoding = 4; lastKnownFileType = sourcecode.swift; path = AppState.swift; sourceTree = "<group>"; };
		46B1647F1ED4DB79002BEBD7 /* AuthenticationState.swift */ = {isa = PBXFileReference; fileEncoding = 4; lastKnownFileType = sourcecode.swift; path = AuthenticationState.swift; sourceTree = "<group>"; };
		46B164801ED4DB79002BEBD7 /* PostState.swift */ = {isa = PBXFileReference; fileEncoding = 4; lastKnownFileType = sourcecode.swift; path = PostState.swift; sourceTree = "<group>"; };
		46B164811ED4DB79002BEBD7 /* Store.swift */ = {isa = PBXFileReference; fileEncoding = 4; lastKnownFileType = sourcecode.swift; path = Store.swift; sourceTree = "<group>"; };
		46B164831ED4DB79002BEBD7 /* Info.plist */ = {isa = PBXFileReference; fileEncoding = 4; lastKnownFileType = text.plist.xml; path = Info.plist; sourceTree = "<group>"; };
		46B164851ED4DB79002BEBD7 /* Assets.xcassets */ = {isa = PBXFileReference; lastKnownFileType = folder.assetcatalog; path = Assets.xcassets; sourceTree = "<group>"; };
		46B164871ED4DB79002BEBD7 /* Base */ = {isa = PBXFileReference; lastKnownFileType = file.storyboard; name = Base; path = Base.lproj/LaunchScreen.storyboard; sourceTree = "<group>"; };
		46B1648A1ED4DB79002BEBD7 /* Colors.swift */ = {isa = PBXFileReference; fileEncoding = 4; lastKnownFileType = sourcecode.swift; path = Colors.swift; sourceTree = "<group>"; };
		46B1648B1ED4DB79002BEBD7 /* Images.swift */ = {isa = PBXFileReference; fileEncoding = 4; lastKnownFileType = sourcecode.swift; path = Images.swift; sourceTree = "<group>"; };
		46B1648C1ED4DB79002BEBD7 /* Localizable_Strings.swift */ = {isa = PBXFileReference; fileEncoding = 4; lastKnownFileType = sourcecode.swift; path = Localizable_Strings.swift; sourceTree = "<group>"; };
		46B1648D1ED4DB79002BEBD7 /* Storyboards.swift */ = {isa = PBXFileReference; fileEncoding = 4; lastKnownFileType = sourcecode.swift; path = Storyboards.swift; sourceTree = "<group>"; };
		46B1648E1ED4DB79002BEBD7 /* colors.txt */ = {isa = PBXFileReference; fileEncoding = 4; lastKnownFileType = text; path = colors.txt; sourceTree = "<group>"; };
		46B1648F1ED4DB79002BEBD7 /* Localizable.strings */ = {isa = PBXFileReference; fileEncoding = 4; lastKnownFileType = text.plist.strings; path = Localizable.strings; sourceTree = "<group>"; };
		46B164901ED4DB79002BEBD7 /* strings-swift3.stencil */ = {isa = PBXFileReference; fileEncoding = 4; lastKnownFileType = text; path = "strings-swift3.stencil"; sourceTree = "<group>"; };
		46B164911ED4DB79002BEBD7 /* wrytr.entitlements */ = {isa = PBXFileReference; fileEncoding = 4; lastKnownFileType = text.plist.entitlements; path = wrytr.entitlements; sourceTree = "<group>"; };
/* End PBXFileReference section */

/* Begin PBXFrameworksBuildPhase section */
		46B163781ED4DA58002BEBD7 /* Frameworks */ = {
			isa = PBXFrameworksBuildPhase;
			buildActionMask = 2147483647;
			files = (
			);
			runOnlyForDeploymentPostprocessing = 0;
		};
/* End PBXFrameworksBuildPhase section */

/* Begin PBXGroup section */
		46B163721ED4DA58002BEBD7 = {
			isa = PBXGroup;
			children = (
				46B164331ED4DB79002BEBD7 /* wrytr */,
				46B1637C1ED4DA58002BEBD7 /* Products */,
			);
			sourceTree = "<group>";
		};
		46B1637C1ED4DA58002BEBD7 /* Products */ = {
			isa = PBXGroup;
			children = (
				46B1637B1ED4DA58002BEBD7 /* wrytr.app */,
			);
			name = Products;
			sourceTree = "<group>";
		};
		46B164331ED4DB79002BEBD7 /* wrytr */ = {
			isa = PBXGroup;
			children = (
				46B164341ED4DB79002BEBD7 /* API */,
				46B164431ED4DB79002BEBD7 /* Application */,
				46B164461ED4DB79002BEBD7 /* Modules */,
				46B1647C1ED4DB79002BEBD7 /* State */,
				46B164821ED4DB79002BEBD7 /* Supporting Files */,
			);
			path = wrytr;
			sourceTree = "<group>";
		};
		46B164341ED4DB79002BEBD7 /* API */ = {
			isa = PBXGroup;
			children = (
				46B164351ED4DB79002BEBD7 /* APIError.swift */,
				46B164361ED4DB79002BEBD7 /* FirebaseProvider + PostType.swift */,
				46B164371ED4DB79002BEBD7 /* FirebaseProvider + ReactionType.swift */,
				46B164381ED4DB79002BEBD7 /* FirebaseProvider + UserType.swift */,
				46B164391ED4DB79002BEBD7 /* JSON + Embed UID.swift */,
				46B1643A1ED4DB79002BEBD7 /* Post */,
				46B1643F1ED4DB79002BEBD7 /* User */,
			);
			path = API;
			sourceTree = "<group>";
		};
		46B1643A1ED4DB79002BEBD7 /* Post */ = {
			isa = PBXGroup;
			children = (
				46B1643B1ED4DB79002BEBD7 /* Post.swift */,
				46B1643C1ED4DB79002BEBD7 /* PostService.swift */,
				46B1643D1ED4DB79002BEBD7 /* PostType.swift */,
				46B1643E1ED4DB79002BEBD7 /* ReactionType.swift */,
			);
			path = Post;
			sourceTree = "<group>";
		};
		46B1643F1ED4DB79002BEBD7 /* User */ = {
			isa = PBXGroup;
			children = (
				46B164401ED4DB79002BEBD7 /* User.swift */,
				46B164411ED4DB79002BEBD7 /* UserService.swift */,
				46B164421ED4DB79002BEBD7 /* UserType.swift */,
			);
			path = User;
			sourceTree = "<group>";
		};
		46B164431ED4DB79002BEBD7 /* Application */ = {
			isa = PBXGroup;
			children = (
				46B164441ED4DB79002BEBD7 /* App.swift */,
				46B164451ED4DB79002BEBD7 /* AppDelegate.swift */,
			);
			path = Application;
			sourceTree = "<group>";
		};
		46B164461ED4DB79002BEBD7 /* Modules */ = {
			isa = PBXGroup;
			children = (
				46B164471ED4DB79002BEBD7 /* Auth */,
				46B1644F1ED4DB79002BEBD7 /* Home */,
				46B164621ED4DB79002BEBD7 /* Reusable */,
				46B1647B1ED4DB79002BEBD7 /* RootNavigator.swift */,
			);
			path = Modules;
			sourceTree = "<group>";
		};
		46B164471ED4DB79002BEBD7 /* Auth */ = {
			isa = PBXGroup;
			children = (
				46B164481ED4DB79002BEBD7 /* AuthenticationNavigator.swift */,
				46B164491ED4DB79002BEBD7 /* Landing */,
			);
			path = Auth;
			sourceTree = "<group>";
		};
		46B164491ED4DB79002BEBD7 /* Landing */ = {
			isa = PBXGroup;
			children = (
				46B1644A1ED4DB79002BEBD7 /* Landing.storyboard */,
				46B1644B1ED4DB79002BEBD7 /* LandingController.swift */,
				46B1644C1ED4DB79002BEBD7 /* LandingModule.swift */,
				46B1644D1ED4DB79002BEBD7 /* LandingReducer.swift */,
				46B1644E1ED4DB79002BEBD7 /* LandingViewController.swift */,
			);
			path = Landing;
			sourceTree = "<group>";
		};
		46B1644F1ED4DB79002BEBD7 /* Home */ = {
			isa = PBXGroup;
			children = (
				46B164501ED4DB79002BEBD7 /* Create */,
				46B164551ED4DB79002BEBD7 /* Feed */,
				46B164581ED4DB79002BEBD7 /* Friends */,
				46B1645B1ED4DB79002BEBD7 /* HomeNavigator.swift */,
				46B1645C1ED4DB79002BEBD7 /* Me */,
			);
			path = Home;
			sourceTree = "<group>";
		};
		46B164501ED4DB79002BEBD7 /* Create */ = {
			isa = PBXGroup;
			children = (
				46B164511ED4DB79002BEBD7 /* Create.storyboard */,
				46B164521ED4DB79002BEBD7 /* CreateController.swift */,
				46B164531ED4DB79002BEBD7 /* CreateReducer.swift */,
				46B164541ED4DB79002BEBD7 /* CreateViewController.swift */,
			);
			path = Create;
			sourceTree = "<group>";
		};
		46B164551ED4DB79002BEBD7 /* Feed */ = {
			isa = PBXGroup;
			children = (
				46B164561ED4DB79002BEBD7 /* FeedReducer.swift */,
				46B164571ED4DB79002BEBD7 /* FeedViewController.swift */,
			);
			path = Feed;
			sourceTree = "<group>";
		};
		46B164581ED4DB79002BEBD7 /* Friends */ = {
			isa = PBXGroup;
			children = (
				46B164591ED4DB79002BEBD7 /* FriendsReducer.swift */,
				46B1645A1ED4DB79002BEBD7 /* FriendsViewController.swift */,
			);
			path = Friends;
			sourceTree = "<group>";
		};
		46B1645C1ED4DB79002BEBD7 /* Me */ = {
			isa = PBXGroup;
			children = (
				46B1645D1ED4DB79002BEBD7 /* Me.storyboard */,
				46B1645E1ED4DB79002BEBD7 /* MeController.swift */,
				46B1645F1ED4DB79002BEBD7 /* MeHandler.swift */,
				46B164601ED4DB79002BEBD7 /* MeReducer.swift */,
				46B164611ED4DB79002BEBD7 /* MeViewController.swift */,
			);
			path = Me;
			sourceTree = "<group>";
		};
		46B164621ED4DB79002BEBD7 /* Reusable */ = {
			isa = PBXGroup;
			children = (
				46B164631ED4DB79002BEBD7 /* Challenge Nav + VC + Table + Cells */,
				46B1646D1ED4DB79002BEBD7 /* Compose */,
				46B164701ED4DB79002BEBD7 /* Post Detail */,
				46B164751ED4DB79002BEBD7 /* ProfilePicutre + Follow Button */,
				46B164781ED4DB79002BEBD7 /* User Screen */,
			);
			path = Reusable;
			sourceTree = "<group>";
		};
		46B164631ED4DB79002BEBD7 /* Challenge Nav + VC + Table + Cells */ = {
			isa = PBXGroup;
			children = (
				46B164641ED4DB79002BEBD7 /* ChallengeController.swift */,
				46B164651ED4DB79002BEBD7 /* ChallengeReducer.swift */,
				46B164661ED4DB79002BEBD7 /* Views */,
			);
			path = "Challenge Nav + VC + Table + Cells";
			sourceTree = "<group>";
		};
		46B164661ED4DB79002BEBD7 /* Views */ = {
			isa = PBXGroup;
			children = (
				46B164671ED4DB79002BEBD7 /* Challenge.storyboard */,
				46B164681ED4DB79002BEBD7 /* ChallengeNavigationController.swift */,
				46B164691ED4DB79002BEBD7 /* ChallengeTableView.swift */,
				46B1646A1ED4DB79002BEBD7 /* ChallengeTableViewCell.swift */,
				46B1646B1ED4DB79002BEBD7 /* ChallengeViewController.swift */,
				46B1646C1ED4DB79002BEBD7 /* SegmentedTableViewHeaderFooterView.swift */,
			);
			path = Views;
			sourceTree = "<group>";
		};
		46B1646D1ED4DB79002BEBD7 /* Compose */ = {
			isa = PBXGroup;
			children = (
				46B1646E1ED4DB79002BEBD7 /* Compose.storyboard */,
				46B1646F1ED4DB79002BEBD7 /* ComposeViewController.swift */,
			);
			path = Compose;
			sourceTree = "<group>";
		};
		46B164701ED4DB79002BEBD7 /* Post Detail */ = {
			isa = PBXGroup;
			children = (
				46B164711ED4DB79002BEBD7 /* PostDetail.storyboard */,
				46B164721ED4DB79002BEBD7 /* PostDetailViewController.swift */,
				46B164731ED4DB79002BEBD7 /* PostResponsesViewController.swift */,
				46B164741ED4DB79002BEBD7 /* PublishReplyViewController.swift */,
			);
			path = "Post Detail";
			sourceTree = "<group>";
		};
		46B164751ED4DB79002BEBD7 /* ProfilePicutre + Follow Button */ = {
			isa = PBXGroup;
			children = (
				46B164761ED4DB79002BEBD7 /* ProfilePhoto.storyboard */,
				46B164771ED4DB79002BEBD7 /* ProfilePhotoViewController.swift */,
			);
			path = "ProfilePicutre + Follow Button";
			sourceTree = "<group>";
		};
		46B164781ED4DB79002BEBD7 /* User Screen */ = {
			isa = PBXGroup;
			children = (
				46B164791ED4DB79002BEBD7 /* Profile.storyboard */,
				46B1647A1ED4DB79002BEBD7 /* ProfileViewController.swift */,
			);
			path = "User Screen";
			sourceTree = "<group>";
		};
		46B1647C1ED4DB79002BEBD7 /* State */ = {
			isa = PBXGroup;
			children = (
				46B1647D1ED4DB79002BEBD7 /* AppRoute.swift */,
				46B1647E1ED4DB79002BEBD7 /* AppState.swift */,
				46B1647F1ED4DB79002BEBD7 /* AuthenticationState.swift */,
				46B164801ED4DB79002BEBD7 /* PostState.swift */,
				46B164811ED4DB79002BEBD7 /* Store.swift */,
			);
			path = State;
			sourceTree = "<group>";
		};
		46B164821ED4DB79002BEBD7 /* Supporting Files */ = {
			isa = PBXGroup;
			children = (
				46B164831ED4DB79002BEBD7 /* Info.plist */,
				46B164841ED4DB79002BEBD7 /* Resources */,
			);
			path = "Supporting Files";
			sourceTree = "<group>";
		};
		46B164841ED4DB79002BEBD7 /* Resources */ = {
			isa = PBXGroup;
			children = (
				46B164851ED4DB79002BEBD7 /* Assets.xcassets */,
				46B164861ED4DB79002BEBD7 /* LaunchScreen.storyboard */,
				46B164881ED4DB79002BEBD7 /* Constants */,
				46B164911ED4DB79002BEBD7 /* wrytr.entitlements */,
			);
			path = Resources;
			sourceTree = "<group>";
		};
		46B164881ED4DB79002BEBD7 /* Constants */ = {
			isa = PBXGroup;
			children = (
				46B164891ED4DB79002BEBD7 /* Build */,
				46B1648E1ED4DB79002BEBD7 /* colors.txt */,
				46B1648F1ED4DB79002BEBD7 /* Localizable.strings */,
				46B164901ED4DB79002BEBD7 /* strings-swift3.stencil */,
			);
			path = Constants;
			sourceTree = "<group>";
		};
		46B164891ED4DB79002BEBD7 /* Build */ = {
			isa = PBXGroup;
			children = (
				46B1648A1ED4DB79002BEBD7 /* Colors.swift */,
				46B1648B1ED4DB79002BEBD7 /* Images.swift */,
				46B1648C1ED4DB79002BEBD7 /* Localizable_Strings.swift */,
				46B1648D1ED4DB79002BEBD7 /* Storyboards.swift */,
			);
			path = Build;
			sourceTree = "<group>";
		};
/* End PBXGroup section */

/* Begin PBXNativeTarget section */
		46B1637A1ED4DA58002BEBD7 /* wrytr */ = {
			isa = PBXNativeTarget;
			buildConfigurationList = 46B1638D1ED4DA58002BEBD7 /* Build configuration list for PBXNativeTarget "wrytr" */;
			buildPhases = (
				46B163771ED4DA58002BEBD7 /* Sources */,
				46B163781ED4DA58002BEBD7 /* Frameworks */,
				46B163791ED4DA58002BEBD7 /* Resources */,
			);
			buildRules = (
			);
			dependencies = (
			);
			name = wrytr;
			productName = wrytr;
			productReference = 46B1637B1ED4DA58002BEBD7 /* wrytr.app */;
			productType = "com.apple.product-type.application";
		};
/* End PBXNativeTarget section */

/* Begin PBXProject section */
		46B163731ED4DA58002BEBD7 /* Project object */ = {
			isa = PBXProject;
			attributes = {
				LastSwiftUpdateCheck = 0830;
				LastUpgradeCheck = 0830;
				ORGANIZATIONNAME = "Andrew Breckenridge";
				TargetAttributes = {
					46B1637A1ED4DA58002BEBD7 = {
						CreatedOnToolsVersion = 8.3.2;
						DevelopmentTeam = L8BYC3JY5Z;
						ProvisioningStyle = Automatic;
					};
				};
			};
			buildConfigurationList = 46B163761ED4DA58002BEBD7 /* Build configuration list for PBXProject "wrytr" */;
			compatibilityVersion = "Xcode 3.2";
			developmentRegion = English;
			hasScannedForEncodings = 0;
			knownRegions = (
				en,
				Base,
			);
			mainGroup = 46B163721ED4DA58002BEBD7;
			productRefGroup = 46B1637C1ED4DA58002BEBD7 /* Products */;
			projectDirPath = "";
			projectRoot = "";
			targets = (
				46B1637A1ED4DA58002BEBD7 /* wrytr */,
			);
		};
/* End PBXProject section */

/* Begin PBXResourcesBuildPhase section */
		46B163791ED4DA58002BEBD7 /* Resources */ = {
			isa = PBXResourcesBuildPhase;
			buildActionMask = 2147483647;
			files = (
				46B164A61ED4DB79002BEBD7 /* Create.storyboard in Resources */,
				46B164C21ED4DB79002BEBD7 /* ProfilePhoto.storyboard in Resources */,
				46B164D31ED4DB79002BEBD7 /* colors.txt in Resources */,
				46B164CC1ED4DB79002BEBD7 /* Info.plist in Resources */,
				46B164C41ED4DB79002BEBD7 /* Profile.storyboard in Resources */,
				46B164CD1ED4DB79002BEBD7 /* Assets.xcassets in Resources */,
				46B164BE1ED4DB79002BEBD7 /* PostDetail.storyboard in Resources */,
				46B164A11ED4DB79002BEBD7 /* Landing.storyboard in Resources */,
				46B164BC1ED4DB79002BEBD7 /* Compose.storyboard in Resources */,
				46B164D41ED4DB79002BEBD7 /* Localizable.strings in Resources */,
				46B164B61ED4DB79002BEBD7 /* Challenge.storyboard in Resources */,
				46B164D51ED4DB79002BEBD7 /* strings-swift3.stencil in Resources */,
				46B164CE1ED4DB79002BEBD7 /* LaunchScreen.storyboard in Resources */,
				46B164AF1ED4DB79002BEBD7 /* Me.storyboard in Resources */,
			);
			runOnlyForDeploymentPostprocessing = 0;
		};
/* End PBXResourcesBuildPhase section */

/* Begin PBXSourcesBuildPhase section */
		46B163771ED4DA58002BEBD7 /* Sources */ = {
			isa = PBXSourcesBuildPhase;
			buildActionMask = 2147483647;
			files = (
				46B164A91ED4DB79002BEBD7 /* CreateViewController.swift in Sources */,
				46B1649E1ED4DB79002BEBD7 /* App.swift in Sources */,
				46B164BA1ED4DB79002BEBD7 /* ChallengeViewController.swift in Sources */,
				46B164AD1ED4DB79002BEBD7 /* FriendsViewController.swift in Sources */,
				46B164C11ED4DB79002BEBD7 /* PublishReplyViewController.swift in Sources */,
				46B164CB1ED4DB79002BEBD7 /* Store.swift in Sources */,
				46B164961ED4DB79002BEBD7 /* JSON + Embed UID.swift in Sources */,
				46B164C51ED4DB79002BEBD7 /* ProfileViewController.swift in Sources */,
				46B164C01ED4DB79002BEBD7 /* PostResponsesViewController.swift in Sources */,
				46B164A81ED4DB79002BEBD7 /* CreateReducer.swift in Sources */,
				46B1649A1ED4DB79002BEBD7 /* ReactionType.swift in Sources */,
				46B164A21ED4DB79002BEBD7 /* LandingController.swift in Sources */,
				46B164B71ED4DB79002BEBD7 /* ChallengeNavigationController.swift in Sources */,
				46B164CA1ED4DB79002BEBD7 /* PostState.swift in Sources */,
				46B1649D1ED4DB79002BEBD7 /* UserType.swift in Sources */,
				46B164B91ED4DB79002BEBD7 /* ChallengeTableViewCell.swift in Sources */,
				46B164A71ED4DB79002BEBD7 /* CreateController.swift in Sources */,
				46B164D01ED4DB79002BEBD7 /* Images.swift in Sources */,
				46B164B81ED4DB79002BEBD7 /* ChallengeTableView.swift in Sources */,
				46B164AA1ED4DB79002BEBD7 /* FeedReducer.swift in Sources */,
				46B164B21ED4DB79002BEBD7 /* MeReducer.swift in Sources */,
				46B1649F1ED4DB79002BEBD7 /* AppDelegate.swift in Sources */,
				46B164D11ED4DB79002BEBD7 /* Localizable_Strings.swift in Sources */,
				46B164B31ED4DB79002BEBD7 /* MeViewController.swift in Sources */,
				46B164BF1ED4DB79002BEBD7 /* PostDetailViewController.swift in Sources */,
				46B164B01ED4DB79002BEBD7 /* MeController.swift in Sources */,
				46B164BD1ED4DB79002BEBD7 /* ComposeViewController.swift in Sources */,
				46B164B51ED4DB79002BEBD7 /* ChallengeReducer.swift in Sources */,
				46B164A31ED4DB79002BEBD7 /* LandingModule.swift in Sources */,
				46B164991ED4DB79002BEBD7 /* PostType.swift in Sources */,
				46B164B11ED4DB79002BEBD7 /* MeHandler.swift in Sources */,
				46B164AE1ED4DB79002BEBD7 /* HomeNavigator.swift in Sources */,
				46B164C61ED4DB79002BEBD7 /* RootNavigator.swift in Sources */,
				46B164AC1ED4DB79002BEBD7 /* FriendsReducer.swift in Sources */,
				46B164951ED4DB79002BEBD7 /* FirebaseProvider + UserType.swift in Sources */,
				46B164981ED4DB79002BEBD7 /* PostService.swift in Sources */,
				46B164921ED4DB79002BEBD7 /* APIError.swift in Sources */,
				46B164C31ED4DB79002BEBD7 /* ProfilePhotoViewController.swift in Sources */,
				46B164BB1ED4DB79002BEBD7 /* SegmentedTableViewHeaderFooterView.swift in Sources */,
				46B164CF1ED4DB79002BEBD7 /* Colors.swift in Sources */,
				46B1649C1ED4DB79002BEBD7 /* UserService.swift in Sources */,
				46B164A51ED4DB79002BEBD7 /* LandingViewController.swift in Sources */,
				46B164D21ED4DB79002BEBD7 /* Storyboards.swift in Sources */,
				46B164C91ED4DB79002BEBD7 /* AuthenticationState.swift in Sources */,
				46B164A41ED4DB79002BEBD7 /* LandingReducer.swift in Sources */,
				46B164971ED4DB79002BEBD7 /* Post.swift in Sources */,
				46B164931ED4DB79002BEBD7 /* FirebaseProvider + PostType.swift in Sources */,
				46B164B41ED4DB79002BEBD7 /* ChallengeController.swift in Sources */,
				46B164A01ED4DB79002BEBD7 /* AuthenticationNavigator.swift in Sources */,
				46B164C81ED4DB79002BEBD7 /* AppState.swift in Sources */,
				46B1649B1ED4DB79002BEBD7 /* User.swift in Sources */,
				46B164C71ED4DB79002BEBD7 /* AppRoute.swift in Sources */,
				46B164AB1ED4DB79002BEBD7 /* FeedViewController.swift in Sources */,
				46B164941ED4DB79002BEBD7 /* FirebaseProvider + ReactionType.swift in Sources */,
			);
			runOnlyForDeploymentPostprocessing = 0;
		};
/* End PBXSourcesBuildPhase section */

/* Begin PBXVariantGroup section */
		46B164861ED4DB79002BEBD7 /* LaunchScreen.storyboard */ = {
			isa = PBXVariantGroup;
			children = (
				46B164871ED4DB79002BEBD7 /* Base */,
			);
			name = LaunchScreen.storyboard;
			sourceTree = "<group>";
		};
/* End PBXVariantGroup section */

/* Begin XCBuildConfiguration section */
		46B1638B1ED4DA58002BEBD7 /* Debug */ = {
			isa = XCBuildConfiguration;
			buildSettings = {
				ALWAYS_SEARCH_USER_PATHS = NO;
				CLANG_ANALYZER_NONNULL = YES;
				CLANG_ANALYZER_NUMBER_OBJECT_CONVERSION = YES_AGGRESSIVE;
				CLANG_CXX_LANGUAGE_STANDARD = "gnu++0x";
				CLANG_CXX_LIBRARY = "libc++";
				CLANG_ENABLE_MODULES = YES;
				CLANG_ENABLE_OBJC_ARC = YES;
				CLANG_WARN_BOOL_CONVERSION = YES;
				CLANG_WARN_CONSTANT_CONVERSION = YES;
				CLANG_WARN_DIRECT_OBJC_ISA_USAGE = YES_ERROR;
				CLANG_WARN_DOCUMENTATION_COMMENTS = YES;
				CLANG_WARN_EMPTY_BODY = YES;
				CLANG_WARN_ENUM_CONVERSION = YES;
				CLANG_WARN_INFINITE_RECURSION = YES;
				CLANG_WARN_INT_CONVERSION = YES;
				CLANG_WARN_OBJC_ROOT_CLASS = YES_ERROR;
				CLANG_WARN_SUSPICIOUS_MOVE = YES;
				CLANG_WARN_UNREACHABLE_CODE = YES;
				CLANG_WARN__DUPLICATE_METHOD_MATCH = YES;
				"CODE_SIGN_IDENTITY[sdk=iphoneos*]" = "iPhone Developer";
				COPY_PHASE_STRIP = NO;
				DEBUG_INFORMATION_FORMAT = dwarf;
				ENABLE_STRICT_OBJC_MSGSEND = YES;
				ENABLE_TESTABILITY = YES;
				GCC_C_LANGUAGE_STANDARD = gnu99;
				GCC_DYNAMIC_NO_PIC = NO;
				GCC_NO_COMMON_BLOCKS = YES;
				GCC_OPTIMIZATION_LEVEL = 0;
				GCC_PREPROCESSOR_DEFINITIONS = (
					"DEBUG=1",
					"$(inherited)",
				);
				GCC_WARN_64_TO_32_BIT_CONVERSION = YES;
				GCC_WARN_ABOUT_RETURN_TYPE = YES_ERROR;
				GCC_WARN_UNDECLARED_SELECTOR = YES;
				GCC_WARN_UNINITIALIZED_AUTOS = YES_AGGRESSIVE;
				GCC_WARN_UNUSED_FUNCTION = YES;
				GCC_WARN_UNUSED_VARIABLE = YES;
				IPHONEOS_DEPLOYMENT_TARGET = 9.0;
				MTL_ENABLE_DEBUG_INFO = YES;
				ONLY_ACTIVE_ARCH = YES;
				SDKROOT = iphoneos;
				SWIFT_ACTIVE_COMPILATION_CONDITIONS = DEBUG;
				SWIFT_OPTIMIZATION_LEVEL = "-Onone";
			};
			name = Debug;
		};
		46B1638C1ED4DA58002BEBD7 /* Release */ = {
			isa = XCBuildConfiguration;
			buildSettings = {
				ALWAYS_SEARCH_USER_PATHS = NO;
				CLANG_ANALYZER_NONNULL = YES;
				CLANG_ANALYZER_NUMBER_OBJECT_CONVERSION = YES_AGGRESSIVE;
				CLANG_CXX_LANGUAGE_STANDARD = "gnu++0x";
				CLANG_CXX_LIBRARY = "libc++";
				CLANG_ENABLE_MODULES = YES;
				CLANG_ENABLE_OBJC_ARC = YES;
				CLANG_WARN_BOOL_CONVERSION = YES;
				CLANG_WARN_CONSTANT_CONVERSION = YES;
				CLANG_WARN_DIRECT_OBJC_ISA_USAGE = YES_ERROR;
				CLANG_WARN_DOCUMENTATION_COMMENTS = YES;
				CLANG_WARN_EMPTY_BODY = YES;
				CLANG_WARN_ENUM_CONVERSION = YES;
				CLANG_WARN_INFINITE_RECURSION = YES;
				CLANG_WARN_INT_CONVERSION = YES;
				CLANG_WARN_OBJC_ROOT_CLASS = YES_ERROR;
				CLANG_WARN_SUSPICIOUS_MOVE = YES;
				CLANG_WARN_UNREACHABLE_CODE = YES;
				CLANG_WARN__DUPLICATE_METHOD_MATCH = YES;
				"CODE_SIGN_IDENTITY[sdk=iphoneos*]" = "iPhone Developer";
				COPY_PHASE_STRIP = NO;
				DEBUG_INFORMATION_FORMAT = "dwarf-with-dsym";
				ENABLE_NS_ASSERTIONS = NO;
				ENABLE_STRICT_OBJC_MSGSEND = YES;
				GCC_C_LANGUAGE_STANDARD = gnu99;
				GCC_NO_COMMON_BLOCKS = YES;
				GCC_WARN_64_TO_32_BIT_CONVERSION = YES;
				GCC_WARN_ABOUT_RETURN_TYPE = YES_ERROR;
				GCC_WARN_UNDECLARED_SELECTOR = YES;
				GCC_WARN_UNINITIALIZED_AUTOS = YES_AGGRESSIVE;
				GCC_WARN_UNUSED_FUNCTION = YES;
				GCC_WARN_UNUSED_VARIABLE = YES;
				IPHONEOS_DEPLOYMENT_TARGET = 9.0;
				MTL_ENABLE_DEBUG_INFO = NO;
				SDKROOT = iphoneos;
				SWIFT_OPTIMIZATION_LEVEL = "-Owholemodule";
				VALIDATE_PRODUCT = YES;
			};
			name = Release;
		};
		46B1638E1ED4DA58002BEBD7 /* Debug */ = {
			isa = XCBuildConfiguration;
			buildSettings = {
				ASSETCATALOG_COMPILER_APPICON_NAME = AppIcon;
				CODE_SIGN_ENTITLEMENTS = "$(PROJECT_DIR)/wrytr/Supporting Files/Resources/wrytr.entitlements";
				DEVELOPMENT_TEAM = L8BYC3JY5Z;
				INFOPLIST_FILE = "$(PROJECT_DIR)/wrytr/Supporting Files/Info.plist";
				LD_RUNPATH_SEARCH_PATHS = "$(inherited) @executable_path/Frameworks";
				PRODUCT_BUNDLE_IDENTIFIER = tfw.wrytr;
				PRODUCT_NAME = "$(TARGET_NAME)";
				SWIFT_VERSION = 3.0;
			};
			name = Debug;
		};
		46B1638F1ED4DA58002BEBD7 /* Release */ = {
			isa = XCBuildConfiguration;
			buildSettings = {
				ASSETCATALOG_COMPILER_APPICON_NAME = AppIcon;
				CODE_SIGN_ENTITLEMENTS = "$(PROJECT_DIR)/wrytr/Supporting Files/Resources/wrytr.entitlements";
				DEVELOPMENT_TEAM = L8BYC3JY5Z;
				INFOPLIST_FILE = "$(PROJECT_DIR)/wrytr/Supporting Files/Info.plist";
				LD_RUNPATH_SEARCH_PATHS = "$(inherited) @executable_path/Frameworks";
				PRODUCT_BUNDLE_IDENTIFIER = tfw.wrytr;
				PRODUCT_NAME = "$(TARGET_NAME)";
				SWIFT_VERSION = 3.0;
			};
			name = Release;
		};
/* End XCBuildConfiguration section */

/* Begin XCConfigurationList section */
		46B163761ED4DA58002BEBD7 /* Build configuration list for PBXProject "wrytr" */ = {
			isa = XCConfigurationList;
			buildConfigurations = (
				46B1638B1ED4DA58002BEBD7 /* Debug */,
				46B1638C1ED4DA58002BEBD7 /* Release */,
			);
			defaultConfigurationIsVisible = 0;
			defaultConfigurationName = Release;
		};
		46B1638D1ED4DA58002BEBD7 /* Build configuration list for PBXNativeTarget "wrytr" */ = {
			isa = XCConfigurationList;
			buildConfigurations = (
				46B1638E1ED4DA58002BEBD7 /* Debug */,
				46B1638F1ED4DA58002BEBD7 /* Release */,
			);
			defaultConfigurationIsVisible = 0;
			defaultConfigurationName = Release;
		};
/* End XCConfigurationList section */
	};
	rootObject = 46B163731ED4DA58002BEBD7 /* Project object */;
}
